// !$*UTF8*$!
{
	archiveVersion = 1;
	classes = {
	};
	objectVersion = 50;
	objects = {

/* Begin PBXBuildFile section */
		02E401CD850095CA13C20A6A /* UserInfoByIdUseCase.swift in Sources */ = {isa = PBXBuildFile; fileRef = ECF087BB86E0B0DD002DA47A /* UserInfoByIdUseCase.swift */; };
		14AACACAFCD23DEE7FDA1DBF /* UserInfosUseCase.swift in Sources */ = {isa = PBXBuildFile; fileRef = 44DDA23D92F30AC58CB0BF9E /* UserInfosUseCase.swift */; };
		21932FE7D6BE0F45FDEB3F9F /* UserInfoRepository.swift in Sources */ = {isa = PBXBuildFile; fileRef = 3C2C73DDD6F0109B5B7623EE /* UserInfoRepository.swift */; };
		28F554A712A35A0C1726254F /* UserInfoViewModel.swift in Sources */ = {isa = PBXBuildFile; fileRef = 738059AE91B31EAB30A3107E /* UserInfoViewModel.swift */; };
		2E501BA78F3E068FB11EBFDD /* UserInfosPagingUseCase.swift in Sources */ = {isa = PBXBuildFile; fileRef = 80968FE8D9C61BDB57B1E0B4 /* UserInfosPagingUseCase.swift */; };
		2E8592245C8D5182889BAECE /* UserInfoRepositoryImpl.swift in Sources */ = {isa = PBXBuildFile; fileRef = 67B790BAA358547D281C64F4 /* UserInfoRepositoryImpl.swift */; };
		2F0FF74D9B87563668575D36 /* PartialMockUserInfoById2UseCase.swift in Sources */ = {isa = PBXBuildFile; fileRef = 14788F6FA6A15A0F1EE986B3 /* PartialMockUserInfoById2UseCase.swift */; };
		34572350B461EEF657410531 /* UserInfoAssembly.swift in Sources */ = {isa = PBXBuildFile; fileRef = 1971FD75DDD3D01C06AF93A8 /* UserInfoAssembly.swift */; };
		4860FCAA19A5CEF003072DB1 /* UserInfoInteractor.swift in Sources */ = {isa = PBXBuildFile; fileRef = 29A1A1B5997AB4BAB24EFAF3 /* UserInfoInteractor.swift */; };
		4AD711DC18D7F4692BA24BB6 /* UserInfoManaged.swift in Sources */ = {isa = PBXBuildFile; fileRef = 578D9E084E006624EFF49230 /* UserInfoManaged.swift */; };
		4B806F1440AD9CB1FA32ED3D /* PartialMockUserInfoUseCase.swift in Sources */ = {isa = PBXBuildFile; fileRef = 62F9162862E8953D4F729102 /* PartialMockUserInfoUseCase.swift */; };
		52A00D5C7627F4A49035082B /* UserInfoViewController.swift in Sources */ = {isa = PBXBuildFile; fileRef = 02F559ED1FEC6AE847CF275E /* UserInfoViewController.swift */; };
		8943D0A885684B5F72957A04 /* UserInfosReservedUseCase.swift in Sources */ = {isa = PBXBuildFile; fileRef = 1997B7077D874E6A8C209828 /* UserInfosReservedUseCase.swift */; };
		8C524F1E9799BC681879E331 /* UserInfoRepositoryImplTests.swift in Sources */ = {isa = PBXBuildFile; fileRef = F6A96DECD55B89ACC11AA5D4 /* UserInfoRepositoryImplTests.swift */; };
		A3134D133CD272CD827E0146 /* UserInfoView.swift in Sources */ = {isa = PBXBuildFile; fileRef = 159A8A69029F0D66C01C581C /* UserInfoView.swift */; };
		BBDB0A5921073CF7006996BF /* AppDelegate.swift in Sources */ = {isa = PBXBuildFile; fileRef = BBDB0A5821073CF7006996BF /* AppDelegate.swift */; };
		BBDB0A5B21073CF7006996BF /* ViewController.swift in Sources */ = {isa = PBXBuildFile; fileRef = BBDB0A5A21073CF7006996BF /* ViewController.swift */; };
		BBDB0A5E21073CF7006996BF /* Main.storyboard in Resources */ = {isa = PBXBuildFile; fileRef = BBDB0A5C21073CF7006996BF /* Main.storyboard */; };
		BBDB0A6021073CF8006996BF /* Assets.xcassets in Resources */ = {isa = PBXBuildFile; fileRef = BBDB0A5F21073CF8006996BF /* Assets.xcassets */; };
		BBDB0A6321073CF8006996BF /* LaunchScreen.storyboard in Resources */ = {isa = PBXBuildFile; fileRef = BBDB0A6121073CF8006996BF /* LaunchScreen.storyboard */; };
		BBDB0A6E21073CF8006996BF /* ExampleXcodeprojTests.swift in Sources */ = {isa = PBXBuildFile; fileRef = BBDB0A6D21073CF8006996BF /* ExampleXcodeprojTests.swift */; };
		C479B531D9117C59BC174AF0 /* UserInfoBaseUseCase.swift in Sources */ = {isa = PBXBuildFile; fileRef = 13BDC41349D92A7C3F3AA225 /* UserInfoBaseUseCase.swift */; };
		C9515D335547BC52CDC11B25 /* UserInfoById2UseCaseImplTests.swift in Sources */ = {isa = PBXBuildFile; fileRef = 8037AC7E11278CB47B8B5577 /* UserInfoById2UseCaseImplTests.swift */; };
		E515E8DC3A885056F9E61EDF /* UserInfoByIdUseCaseImplTests.swift in Sources */ = {isa = PBXBuildFile; fileRef = 8DEA8B0F7F4BFE913ED753E0 /* UserInfoByIdUseCaseImplTests.swift */; };
		E8AB9FD16B0BF47EB277E00F /* PartialMockUserInfoRepository.swift in Sources */ = {isa = PBXBuildFile; fileRef = 8E97FC7C5A148320A12FE1CA /* PartialMockUserInfoRepository.swift */; };
		EFAD6CFC0859F1DEF29E23B9 /* UserInfoBaseUseCase.swift in Sources */ = {isa = PBXBuildFile; fileRef = 9CFCE49866AA6B702A0BB075 /* UserInfoBaseUseCase.swift */; };
		FCF8A671C921A8F5B0B950DC /* UserInfosUseCaseImplTests.swift in Sources */ = {isa = PBXBuildFile; fileRef = BB577F332BCC826F768500DF /* UserInfosUseCaseImplTests.swift */; };
		FD07F59D3B1C39851DF8DE19 /* UserInfo.swift in Sources */ = {isa = PBXBuildFile; fileRef = 8D58712AD36BBBC25BBAAB45 /* UserInfo.swift */; };
		FE9FE964A848E2E9E8A41A6E /* UserInfoById2UseCase.swift in Sources */ = {isa = PBXBuildFile; fileRef = 48A72A3B143F0CB92823D6A5 /* UserInfoById2UseCase.swift */; };
/* End PBXBuildFile section */

/* Begin PBXContainerItemProxy section */
		BBDB0A6A21073CF8006996BF /* PBXContainerItemProxy */ = {
			isa = PBXContainerItemProxy;
			containerPortal = BBDB0A4D21073CF7006996BF /* Project object */;
			proxyType = 1;
			remoteGlobalIDString = BBDB0A5421073CF7006996BF;
			remoteInfo = ExampleXcodeproj;
		};
/* End PBXContainerItemProxy section */

/* Begin PBXFileReference section */
		02F559ED1FEC6AE847CF275E /* UserInfoViewController.swift */ = {isa = PBXFileReference; includeInIndex = 1; lastKnownFileType = sourcecode.swift; path = UserInfoViewController.swift; sourceTree = "<group>"; };
		13BDC41349D92A7C3F3AA225 /* UserInfoBaseUseCase.swift */ = {isa = PBXFileReference; includeInIndex = 1; lastKnownFileType = sourcecode.swift; path = UserInfoBaseUseCase.swift; sourceTree = "<group>"; };
		14788F6FA6A15A0F1EE986B3 /* PartialMockUserInfoById2UseCase.swift */ = {isa = PBXFileReference; includeInIndex = 1; lastKnownFileType = sourcecode.swift; path = PartialMockUserInfoById2UseCase.swift; sourceTree = "<group>"; };
		159A8A69029F0D66C01C581C /* UserInfoView.swift */ = {isa = PBXFileReference; includeInIndex = 1; lastKnownFileType = sourcecode.swift; path = UserInfoView.swift; sourceTree = "<group>"; };
		1971FD75DDD3D01C06AF93A8 /* UserInfoAssembly.swift */ = {isa = PBXFileReference; includeInIndex = 1; lastKnownFileType = sourcecode.swift; path = UserInfoAssembly.swift; sourceTree = "<group>"; };
		1997B7077D874E6A8C209828 /* UserInfosReservedUseCase.swift */ = {isa = PBXFileReference; includeInIndex = 1; lastKnownFileType = sourcecode.swift; path = UserInfosReservedUseCase.swift; sourceTree = "<group>"; };
		29A1A1B5997AB4BAB24EFAF3 /* UserInfoInteractor.swift */ = {isa = PBXFileReference; includeInIndex = 1; lastKnownFileType = sourcecode.swift; path = UserInfoInteractor.swift; sourceTree = "<group>"; };
		3C2C73DDD6F0109B5B7623EE /* UserInfoRepository.swift */ = {isa = PBXFileReference; includeInIndex = 1; lastKnownFileType = sourcecode.swift; path = UserInfoRepository.swift; sourceTree = "<group>"; };
		44DDA23D92F30AC58CB0BF9E /* UserInfosUseCase.swift */ = {isa = PBXFileReference; includeInIndex = 1; lastKnownFileType = sourcecode.swift; path = UserInfosUseCase.swift; sourceTree = "<group>"; };
		48A72A3B143F0CB92823D6A5 /* UserInfoById2UseCase.swift */ = {isa = PBXFileReference; includeInIndex = 1; lastKnownFileType = sourcecode.swift; path = UserInfoById2UseCase.swift; sourceTree = "<group>"; };
		578D9E084E006624EFF49230 /* UserInfoManaged.swift */ = {isa = PBXFileReference; includeInIndex = 1; lastKnownFileType = sourcecode.swift; path = UserInfoManaged.swift; sourceTree = "<group>"; };
		62F9162862E8953D4F729102 /* PartialMockUserInfoUseCase.swift */ = {isa = PBXFileReference; includeInIndex = 1; lastKnownFileType = sourcecode.swift; path = PartialMockUserInfoUseCase.swift; sourceTree = "<group>"; };
		67B790BAA358547D281C64F4 /* UserInfoRepositoryImpl.swift */ = {isa = PBXFileReference; includeInIndex = 1; lastKnownFileType = sourcecode.swift; path = UserInfoRepositoryImpl.swift; sourceTree = "<group>"; };
		738059AE91B31EAB30A3107E /* UserInfoViewModel.swift */ = {isa = PBXFileReference; includeInIndex = 1; lastKnownFileType = sourcecode.swift; path = UserInfoViewModel.swift; sourceTree = "<group>"; };
		8037AC7E11278CB47B8B5577 /* UserInfoById2UseCaseImplTests.swift */ = {isa = PBXFileReference; includeInIndex = 1; lastKnownFileType = sourcecode.swift; path = UserInfoById2UseCaseImplTests.swift; sourceTree = "<group>"; };
		80968FE8D9C61BDB57B1E0B4 /* UserInfosPagingUseCase.swift */ = {isa = PBXFileReference; includeInIndex = 1; lastKnownFileType = sourcecode.swift; path = UserInfosPagingUseCase.swift; sourceTree = "<group>"; };
		8D58712AD36BBBC25BBAAB45 /* UserInfo.swift */ = {isa = PBXFileReference; includeInIndex = 1; lastKnownFileType = sourcecode.swift; path = UserInfo.swift; sourceTree = "<group>"; };
		8DEA8B0F7F4BFE913ED753E0 /* UserInfoByIdUseCaseImplTests.swift */ = {isa = PBXFileReference; includeInIndex = 1; lastKnownFileType = sourcecode.swift; path = UserInfoByIdUseCaseImplTests.swift; sourceTree = "<group>"; };
		8E97FC7C5A148320A12FE1CA /* PartialMockUserInfoRepository.swift */ = {isa = PBXFileReference; includeInIndex = 1; lastKnownFileType = sourcecode.swift; path = PartialMockUserInfoRepository.swift; sourceTree = "<group>"; };
		9CFCE49866AA6B702A0BB075 /* UserInfoBaseUseCase.swift */ = {isa = PBXFileReference; includeInIndex = 1; lastKnownFileType = sourcecode.swift; path = UserInfoBaseUseCase.swift; sourceTree = "<group>"; };
		BB577F332BCC826F768500DF /* UserInfosUseCaseImplTests.swift */ = {isa = PBXFileReference; includeInIndex = 1; lastKnownFileType = sourcecode.swift; path = UserInfosUseCaseImplTests.swift; sourceTree = "<group>"; };
		BBDB0A5521073CF7006996BF /* ExampleXcodeproj.app */ = {isa = PBXFileReference; explicitFileType = wrapper.application; includeInIndex = 0; path = ExampleXcodeproj.app; sourceTree = BUILT_PRODUCTS_DIR; };
		BBDB0A5821073CF7006996BF /* AppDelegate.swift */ = {isa = PBXFileReference; lastKnownFileType = sourcecode.swift; path = AppDelegate.swift; sourceTree = "<group>"; };
		BBDB0A5A21073CF7006996BF /* ViewController.swift */ = {isa = PBXFileReference; lastKnownFileType = sourcecode.swift; path = ViewController.swift; sourceTree = "<group>"; };
		BBDB0A5D21073CF7006996BF /* Base */ = {isa = PBXFileReference; lastKnownFileType = file.storyboard; name = Base; path = Base.lproj/Main.storyboard; sourceTree = "<group>"; };
		BBDB0A5F21073CF8006996BF /* Assets.xcassets */ = {isa = PBXFileReference; lastKnownFileType = folder.assetcatalog; path = Assets.xcassets; sourceTree = "<group>"; };
		BBDB0A6221073CF8006996BF /* Base */ = {isa = PBXFileReference; lastKnownFileType = file.storyboard; name = Base; path = Base.lproj/LaunchScreen.storyboard; sourceTree = "<group>"; };
		BBDB0A6421073CF8006996BF /* Info.plist */ = {isa = PBXFileReference; lastKnownFileType = text.plist.xml; path = Info.plist; sourceTree = "<group>"; };
		BBDB0A6921073CF8006996BF /* ExampleXcodeprojTests.xctest */ = {isa = PBXFileReference; explicitFileType = wrapper.cfbundle; includeInIndex = 0; path = ExampleXcodeprojTests.xctest; sourceTree = BUILT_PRODUCTS_DIR; };
		BBDB0A6D21073CF8006996BF /* ExampleXcodeprojTests.swift */ = {isa = PBXFileReference; lastKnownFileType = sourcecode.swift; path = ExampleXcodeprojTests.swift; sourceTree = "<group>"; };
		BBDB0A6F21073CF8006996BF /* Info.plist */ = {isa = PBXFileReference; lastKnownFileType = text.plist.xml; path = Info.plist; sourceTree = "<group>"; };
		ECF087BB86E0B0DD002DA47A /* UserInfoByIdUseCase.swift */ = {isa = PBXFileReference; includeInIndex = 1; lastKnownFileType = sourcecode.swift; path = UserInfoByIdUseCase.swift; sourceTree = "<group>"; };
		F6A96DECD55B89ACC11AA5D4 /* UserInfoRepositoryImplTests.swift */ = {isa = PBXFileReference; includeInIndex = 1; lastKnownFileType = sourcecode.swift; path = UserInfoRepositoryImplTests.swift; sourceTree = "<group>"; };
/* End PBXFileReference section */

/* Begin PBXFrameworksBuildPhase section */
		BBDB0A5221073CF7006996BF /* Frameworks */ = {
			isa = PBXFrameworksBuildPhase;
			buildActionMask = 2147483647;
			files = (
			);
			runOnlyForDeploymentPostprocessing = 0;
		};
		BBDB0A6621073CF8006996BF /* Frameworks */ = {
			isa = PBXFrameworksBuildPhase;
			buildActionMask = 2147483647;
			files = (
			);
			runOnlyForDeploymentPostprocessing = 0;
		};
/* End PBXFrameworksBuildPhase section */

/* Begin PBXGroup section */
		0E50779AE777339E5B75A3A4 /* usecases */ = {
			isa = PBXGroup;
			children = (
				44DDA23D92F30AC58CB0BF9E /* UserInfosUseCase.swift */,
				80968FE8D9C61BDB57B1E0B4 /* UserInfosPagingUseCase.swift */,
				1997B7077D874E6A8C209828 /* UserInfosReservedUseCase.swift */,
				48A72A3B143F0CB92823D6A5 /* UserInfoById2UseCase.swift */,
			);
			name = usecases;
			path = usecases;
			sourceTree = "<group>";
		};
		21079CBAA06A30DA4370A917 /* DataLayer */ = {
			isa = PBXGroup;
			children = (
				8C6B64CB5E8672B88BC1590B /* Entities */,
			);
			name = DataLayer;
			path = DataLayer;
			sourceTree = "<group>";
		};
		27B0E7A71159F62C28F7EE89 /* UserInfo */ = {
			isa = PBXGroup;
			children = (
				F6A96DECD55B89ACC11AA5D4 /* UserInfoRepositoryImplTests.swift */,
				8DEA8B0F7F4BFE913ED753E0 /* UserInfoByIdUseCaseImplTests.swift */,
			);
			name = UserInfo;
			path = UserInfo;
			sourceTree = "<group>";
		};
		427FED2643E0132B7B633179 /* Mocks */ = {
			isa = PBXGroup;
			children = (
				A81BD51800DDD04C45A512E4 /* UserInfo */,
			);
			name = Mocks;
			path = Mocks;
			sourceTree = "<group>";
		};
		4A4A7C4C1FEEF21E1563CF43 /* DomainLayer */ = {
			isa = PBXGroup;
			children = (
				BE044DBE6C5D01F6E31EF55A /* Entities */,
			);
			name = DomainLayer;
			path = DomainLayer;
			sourceTree = "<group>";
		};
		63A75B13751BFC6BEB4B9D5D /* UserInfo */ = {
			isa = PBXGroup;
			children = (
				1971FD75DDD3D01C06AF93A8 /* UserInfoAssembly.swift */,
				29A1A1B5997AB4BAB24EFAF3 /* UserInfoInteractor.swift */,
				738059AE91B31EAB30A3107E /* UserInfoViewModel.swift */,
				159A8A69029F0D66C01C581C /* UserInfoView.swift */,
				02F559ED1FEC6AE847CF275E /* UserInfoViewController.swift */,
			);
			name = UserInfo;
			path = UserInfo;
			sourceTree = "<group>";
		};
		6A277F6FDCCA53B1B3FACD06 /* Layers */ = {
			isa = PBXGroup;
			children = (
				4A4A7C4C1FEEF21E1563CF43 /* DomainLayer */,
				21079CBAA06A30DA4370A917 /* DataLayer */,
				7CCDC119EF232F8F894984B5 /* Presentation */,
			);
			name = Layers;
			path = Layers;
			sourceTree = "<group>";
		};
		6B14205015553A8B00D16F0C /* usecases */ = {
			isa = PBXGroup;
			children = (
				ECF087BB86E0B0DD002DA47A /* UserInfoByIdUseCase.swift */,
			);
			name = usecases;
			path = usecases;
			sourceTree = "<group>";
		};
		6F4923DA7D523CB1B3F3BFBE /* model */ = {
			isa = PBXGroup;
			children = (
				8D58712AD36BBBC25BBAAB45 /* UserInfo.swift */,
			);
			name = model;
			path = model;
			sourceTree = "<group>";
		};
		775520C4AC4D9FEEB9352C9D /* Flows */ = {
			isa = PBXGroup;
			children = (
				63A75B13751BFC6BEB4B9D5D /* UserInfo */,
			);
			name = Flows;
			path = Flows;
			sourceTree = "<group>";
		};
		7CCDC119EF232F8F894984B5 /* Presentation */ = {
			isa = PBXGroup;
			children = (
				775520C4AC4D9FEEB9352C9D /* Flows */,
			);
			name = Presentation;
			path = Presentation;
			sourceTree = "<group>";
		};
		8C6B64CB5E8672B88BC1590B /* Entities */ = {
			isa = PBXGroup;
			children = (
				975746A09C81A5FE11E129D1 /* UserInfo */,
			);
			name = Entities;
			path = Entities;
			sourceTree = "<group>";
		};
		975746A09C81A5FE11E129D1 /* UserInfo */ = {
			isa = PBXGroup;
			children = (
				578D9E084E006624EFF49230 /* UserInfoManaged.swift */,
				67B790BAA358547D281C64F4 /* UserInfoRepositoryImpl.swift */,
				13BDC41349D92A7C3F3AA225 /* UserInfoBaseUseCase.swift */,
				6B14205015553A8B00D16F0C /* usecases */,
			);
			name = UserInfo;
			path = UserInfo;
			sourceTree = "<group>";
		};
		A81BD51800DDD04C45A512E4 /* UserInfo */ = {
			isa = PBXGroup;
			children = (
				8E97FC7C5A148320A12FE1CA /* PartialMockUserInfoRepository.swift */,
				62F9162862E8953D4F729102 /* PartialMockUserInfoUseCase.swift */,
				14788F6FA6A15A0F1EE986B3 /* PartialMockUserInfoById2UseCase.swift */,
			);
			name = UserInfo;
			path = UserInfo;
			sourceTree = "<group>";
		};
		A89C1815420856B0E57BA147 /* UserInfo */ = {
			isa = PBXGroup;
			children = (
				BB577F332BCC826F768500DF /* UserInfosUseCaseImplTests.swift */,
				8037AC7E11278CB47B8B5577 /* UserInfoById2UseCaseImplTests.swift */,
			);
			name = UserInfo;
			path = UserInfo;
			sourceTree = "<group>";
		};
		B40B8B646EAD86488A78C366 /* Layers */ = {
			isa = PBXGroup;
			children = (
				D783E7DCD588D818D8840EA8 /* DataLayer */,
				D339FC057049981DD1262DBF /* DomainLayer */,
			);
			name = Layers;
			path = Layers;
			sourceTree = "<group>";
		};
		B9B2FE93DAD7E46A032B5718 /* UserInfo */ = {
			isa = PBXGroup;
			children = (
				6F4923DA7D523CB1B3F3BFBE /* model */,
				3C2C73DDD6F0109B5B7623EE /* UserInfoRepository.swift */,
				9CFCE49866AA6B702A0BB075 /* UserInfoBaseUseCase.swift */,
				0E50779AE777339E5B75A3A4 /* usecases */,
			);
			name = UserInfo;
			path = UserInfo;
			sourceTree = "<group>";
		};
		BB69241811876D0945926ECA /* Entities */ = {
			isa = PBXGroup;
			children = (
				A89C1815420856B0E57BA147 /* UserInfo */,
			);
			name = Entities;
			path = Entities;
			sourceTree = "<group>";
		};
		BBDB0A4C21073CF7006996BF = {
			isa = PBXGroup;
			children = (
				BBDB0A5721073CF7006996BF /* ExampleXcodeproj */,
				BBDB0A6C21073CF8006996BF /* ExampleXcodeprojTests */,
				BBDB0A5621073CF7006996BF /* Products */,
			);
			sourceTree = "<group>";
		};
		BBDB0A5621073CF7006996BF /* Products */ = {
			isa = PBXGroup;
			children = (
				BBDB0A5521073CF7006996BF /* ExampleXcodeproj.app */,
				BBDB0A6921073CF8006996BF /* ExampleXcodeprojTests.xctest */,
			);
			name = Products;
			sourceTree = "<group>";
		};
		BBDB0A5721073CF7006996BF /* ExampleXcodeproj */ = {
			isa = PBXGroup;
			children = (
				BBDB0A5821073CF7006996BF /* AppDelegate.swift */,
				BBDB0A5A21073CF7006996BF /* ViewController.swift */,
				BBDB0A5C21073CF7006996BF /* Main.storyboard */,
				BBDB0A5F21073CF8006996BF /* Assets.xcassets */,
				BBDB0A6121073CF8006996BF /* LaunchScreen.storyboard */,
				BBDB0A6421073CF8006996BF /* Info.plist */,
				6A277F6FDCCA53B1B3FACD06 /* Layers */,
			);
			path = ExampleXcodeproj;
			sourceTree = "<group>";
		};
		BBDB0A6C21073CF8006996BF /* ExampleXcodeprojTests */ = {
			isa = PBXGroup;
			children = (
				BBDB0A6D21073CF8006996BF /* ExampleXcodeprojTests.swift */,
				BBDB0A6F21073CF8006996BF /* Info.plist */,
				B40B8B646EAD86488A78C366 /* Layers */,
				427FED2643E0132B7B633179 /* Mocks */,
			);
			path = ExampleXcodeprojTests;
			sourceTree = "<group>";
		};
		BE044DBE6C5D01F6E31EF55A /* Entities */ = {
			isa = PBXGroup;
			children = (
				B9B2FE93DAD7E46A032B5718 /* UserInfo */,
			);
			name = Entities;
			path = Entities;
			sourceTree = "<group>";
		};
		D339FC057049981DD1262DBF /* DomainLayer */ = {
			isa = PBXGroup;
			children = (
				BB69241811876D0945926ECA /* Entities */,
			);
			name = DomainLayer;
			path = DomainLayer;
			sourceTree = "<group>";
		};
		D783E7DCD588D818D8840EA8 /* DataLayer */ = {
			isa = PBXGroup;
			children = (
				E0554FFE8AF3BA1E278480A4 /* Entities */,
			);
			name = DataLayer;
			path = DataLayer;
			sourceTree = "<group>";
		};
		E0554FFE8AF3BA1E278480A4 /* Entities */ = {
			isa = PBXGroup;
			children = (
				27B0E7A71159F62C28F7EE89 /* UserInfo */,
			);
			name = Entities;
			path = Entities;
			sourceTree = "<group>";
		};
/* End PBXGroup section */

/* Begin PBXNativeTarget section */
		BBDB0A5421073CF7006996BF /* ExampleXcodeproj */ = {
			isa = PBXNativeTarget;
			buildConfigurationList = BBDB0A7221073CF8006996BF /* Build configuration list for PBXNativeTarget "ExampleXcodeproj" */;
			buildPhases = (
				BBDB0A5121073CF7006996BF /* Sources */,
				BBDB0A5221073CF7006996BF /* Frameworks */,
				BBDB0A5321073CF7006996BF /* Resources */,
			);
			buildRules = (
			);
			dependencies = (
			);
			name = ExampleXcodeproj;
			productName = ExampleXcodeproj;
			productReference = BBDB0A5521073CF7006996BF /* ExampleXcodeproj.app */;
			productType = "com.apple.product-type.application";
		};
		BBDB0A6821073CF8006996BF /* ExampleXcodeprojTests */ = {
			isa = PBXNativeTarget;
			buildConfigurationList = BBDB0A7521073CF8006996BF /* Build configuration list for PBXNativeTarget "ExampleXcodeprojTests" */;
			buildPhases = (
				BBDB0A6521073CF8006996BF /* Sources */,
				BBDB0A6621073CF8006996BF /* Frameworks */,
				BBDB0A6721073CF8006996BF /* Resources */,
			);
			buildRules = (
			);
			dependencies = (
				BBDB0A6B21073CF8006996BF /* PBXTargetDependency */,
			);
			name = ExampleXcodeprojTests;
			productName = ExampleXcodeprojTests;
			productReference = BBDB0A6921073CF8006996BF /* ExampleXcodeprojTests.xctest */;
			productType = "com.apple.product-type.bundle.unit-test";
		};
/* End PBXNativeTarget section */

/* Begin PBXProject section */
		BBDB0A4D21073CF7006996BF /* Project object */ = {
			isa = PBXProject;
			attributes = {
				LastSwiftUpdateCheck = 0940;
				LastUpgradeCheck = 0940;
				ORGANIZATIONNAME = "Roman Kotov";
				TargetAttributes = {
					BBDB0A5421073CF7006996BF = {
						CreatedOnToolsVersion = 9.4.1;
					};
					BBDB0A6821073CF8006996BF = {
						CreatedOnToolsVersion = 9.4.1;
						TestTargetID = BBDB0A5421073CF7006996BF;
					};
				};
			};
			buildConfigurationList = BBDB0A5021073CF7006996BF /* Build configuration list for PBXProject "ExampleXcodeproj" */;
			compatibilityVersion = "Xcode 9.3";
			developmentRegion = en;
			hasScannedForEncodings = 0;
			knownRegions = (
				en,
				Base,
			);
			mainGroup = BBDB0A4C21073CF7006996BF;
			productRefGroup = BBDB0A5621073CF7006996BF /* Products */;
			projectDirPath = "";
			projectRoot = "";
			targets = (
				BBDB0A5421073CF7006996BF /* ExampleXcodeproj */,
				BBDB0A6821073CF8006996BF /* ExampleXcodeprojTests */,
			);
		};
/* End PBXProject section */

/* Begin PBXResourcesBuildPhase section */
		BBDB0A5321073CF7006996BF /* Resources */ = {
			isa = PBXResourcesBuildPhase;
			buildActionMask = 2147483647;
			files = (
				BBDB0A6321073CF8006996BF /* LaunchScreen.storyboard in Resources */,
				BBDB0A6021073CF8006996BF /* Assets.xcassets in Resources */,
				BBDB0A5E21073CF7006996BF /* Main.storyboard in Resources */,
			);
			runOnlyForDeploymentPostprocessing = 0;
		};
		BBDB0A6721073CF8006996BF /* Resources */ = {
			isa = PBXResourcesBuildPhase;
			buildActionMask = 2147483647;
			files = (
			);
			runOnlyForDeploymentPostprocessing = 0;
		};
/* End PBXResourcesBuildPhase section */

/* Begin PBXSourcesBuildPhase section */
		BBDB0A5121073CF7006996BF /* Sources */ = {
			isa = PBXSourcesBuildPhase;
			buildActionMask = 2147483647;
			files = (
				BBDB0A5B21073CF7006996BF /* ViewController.swift in Sources */,
				BBDB0A5921073CF7006996BF /* AppDelegate.swift in Sources */,
				FD07F59D3B1C39851DF8DE19 /* UserInfo.swift in Sources */,
				4AD711DC18D7F4692BA24BB6 /* UserInfoManaged.swift in Sources */,
				21932FE7D6BE0F45FDEB3F9F /* UserInfoRepository.swift in Sources */,
				2E8592245C8D5182889BAECE /* UserInfoRepositoryImpl.swift in Sources */,
				EFAD6CFC0859F1DEF29E23B9 /* UserInfoBaseUseCase.swift in Sources */,
				14AACACAFCD23DEE7FDA1DBF /* UserInfosUseCase.swift in Sources */,
				2E501BA78F3E068FB11EBFDD /* UserInfosPagingUseCase.swift in Sources */,
				8943D0A885684B5F72957A04 /* UserInfosReservedUseCase.swift in Sources */,
				C479B531D9117C59BC174AF0 /* UserInfoBaseUseCase.swift in Sources */,
				02E401CD850095CA13C20A6A /* UserInfoByIdUseCase.swift in Sources */,
				FE9FE964A848E2E9E8A41A6E /* UserInfoById2UseCase.swift in Sources */,
				34572350B461EEF657410531 /* UserInfoAssembly.swift in Sources */,
				4860FCAA19A5CEF003072DB1 /* UserInfoInteractor.swift in Sources */,
				28F554A712A35A0C1726254F /* UserInfoViewModel.swift in Sources */,
				A3134D133CD272CD827E0146 /* UserInfoView.swift in Sources */,
				52A00D5C7627F4A49035082B /* UserInfoViewController.swift in Sources */,
			);
			runOnlyForDeploymentPostprocessing = 0;
		};
		BBDB0A6521073CF8006996BF /* Sources */ = {
			isa = PBXSourcesBuildPhase;
			buildActionMask = 2147483647;
			files = (
				BBDB0A6E21073CF8006996BF /* ExampleXcodeprojTests.swift in Sources */,
				8C524F1E9799BC681879E331 /* UserInfoRepositoryImplTests.swift in Sources */,
				E8AB9FD16B0BF47EB277E00F /* PartialMockUserInfoRepository.swift in Sources */,
				FCF8A671C921A8F5B0B950DC /* UserInfosUseCaseImplTests.swift in Sources */,
				4B806F1440AD9CB1FA32ED3D /* PartialMockUserInfoUseCase.swift in Sources */,
				E515E8DC3A885056F9E61EDF /* UserInfoByIdUseCaseImplTests.swift in Sources */,
				C9515D335547BC52CDC11B25 /* UserInfoById2UseCaseImplTests.swift in Sources */,
				2F0FF74D9B87563668575D36 /* PartialMockUserInfoById2UseCase.swift in Sources */,
			);
			runOnlyForDeploymentPostprocessing = 0;
		};
/* End PBXSourcesBuildPhase section */

/* Begin PBXTargetDependency section */
		BBDB0A6B21073CF8006996BF /* PBXTargetDependency */ = {
			isa = PBXTargetDependency;
			target = BBDB0A5421073CF7006996BF /* ExampleXcodeproj */;
			targetProxy = BBDB0A6A21073CF8006996BF /* PBXContainerItemProxy */;
		};
/* End PBXTargetDependency section */

/* Begin PBXVariantGroup section */
		BBDB0A5C21073CF7006996BF /* Main.storyboard */ = {
			isa = PBXVariantGroup;
			children = (
				BBDB0A5D21073CF7006996BF /* Base */,
			);
			name = Main.storyboard;
			sourceTree = "<group>";
		};
		BBDB0A6121073CF8006996BF /* LaunchScreen.storyboard */ = {
			isa = PBXVariantGroup;
			children = (
				BBDB0A6221073CF8006996BF /* Base */,
			);
			name = LaunchScreen.storyboard;
			sourceTree = "<group>";
		};
/* End PBXVariantGroup section */

/* Begin XCBuildConfiguration section */
		BBDB0A7021073CF8006996BF /* Debug */ = {
			isa = XCBuildConfiguration;
			buildSettings = {
				ALWAYS_SEARCH_USER_PATHS = NO;
				CLANG_ANALYZER_NONNULL = YES;
				CLANG_ANALYZER_NUMBER_OBJECT_CONVERSION = YES_AGGRESSIVE;
				CLANG_CXX_LANGUAGE_STANDARD = "gnu++14";
				CLANG_CXX_LIBRARY = "libc++";
				CLANG_ENABLE_MODULES = YES;
				CLANG_ENABLE_OBJC_ARC = YES;
				CLANG_ENABLE_OBJC_WEAK = YES;
				CLANG_WARN_BLOCK_CAPTURE_AUTORELEASING = YES;
				CLANG_WARN_BOOL_CONVERSION = YES;
				CLANG_WARN_COMMA = YES;
				CLANG_WARN_CONSTANT_CONVERSION = YES;
				CLANG_WARN_DEPRECATED_OBJC_IMPLEMENTATIONS = YES;
				CLANG_WARN_DIRECT_OBJC_ISA_USAGE = YES_ERROR;
				CLANG_WARN_DOCUMENTATION_COMMENTS = YES;
				CLANG_WARN_EMPTY_BODY = YES;
				CLANG_WARN_ENUM_CONVERSION = YES;
				CLANG_WARN_INFINITE_RECURSION = YES;
				CLANG_WARN_INT_CONVERSION = YES;
				CLANG_WARN_NON_LITERAL_NULL_CONVERSION = YES;
				CLANG_WARN_OBJC_IMPLICIT_RETAIN_SELF = YES;
				CLANG_WARN_OBJC_LITERAL_CONVERSION = YES;
				CLANG_WARN_OBJC_ROOT_CLASS = YES_ERROR;
				CLANG_WARN_RANGE_LOOP_ANALYSIS = YES;
				CLANG_WARN_STRICT_PROTOTYPES = YES;
				CLANG_WARN_SUSPICIOUS_MOVE = YES;
				CLANG_WARN_UNGUARDED_AVAILABILITY = YES_AGGRESSIVE;
				CLANG_WARN_UNREACHABLE_CODE = YES;
				CLANG_WARN__DUPLICATE_METHOD_MATCH = YES;
				CODE_SIGN_IDENTITY = "iPhone Developer";
				COPY_PHASE_STRIP = NO;
				DEBUG_INFORMATION_FORMAT = dwarf;
				ENABLE_STRICT_OBJC_MSGSEND = YES;
				ENABLE_TESTABILITY = YES;
				GCC_C_LANGUAGE_STANDARD = gnu11;
				GCC_DYNAMIC_NO_PIC = NO;
				GCC_NO_COMMON_BLOCKS = YES;
				GCC_OPTIMIZATION_LEVEL = 0;
				GCC_PREPROCESSOR_DEFINITIONS = (
					"DEBUG=1",
					"$(inherited)",
				);
				GCC_WARN_64_TO_32_BIT_CONVERSION = YES;
				GCC_WARN_ABOUT_RETURN_TYPE = YES_ERROR;
				GCC_WARN_UNDECLARED_SELECTOR = YES;
				GCC_WARN_UNINITIALIZED_AUTOS = YES_AGGRESSIVE;
				GCC_WARN_UNUSED_FUNCTION = YES;
				GCC_WARN_UNUSED_VARIABLE = YES;
				IPHONEOS_DEPLOYMENT_TARGET = 11.4;
				MTL_ENABLE_DEBUG_INFO = YES;
				ONLY_ACTIVE_ARCH = YES;
				SDKROOT = iphoneos;
				SWIFT_ACTIVE_COMPILATION_CONDITIONS = DEBUG;
				SWIFT_OPTIMIZATION_LEVEL = "-Onone";
			};
			name = Debug;
		};
		BBDB0A7121073CF8006996BF /* Release */ = {
			isa = XCBuildConfiguration;
			buildSettings = {
				ALWAYS_SEARCH_USER_PATHS = NO;
				CLANG_ANALYZER_NONNULL = YES;
				CLANG_ANALYZER_NUMBER_OBJECT_CONVERSION = YES_AGGRESSIVE;
				CLANG_CXX_LANGUAGE_STANDARD = "gnu++14";
				CLANG_CXX_LIBRARY = "libc++";
				CLANG_ENABLE_MODULES = YES;
				CLANG_ENABLE_OBJC_ARC = YES;
				CLANG_ENABLE_OBJC_WEAK = YES;
				CLANG_WARN_BLOCK_CAPTURE_AUTORELEASING = YES;
				CLANG_WARN_BOOL_CONVERSION = YES;
				CLANG_WARN_COMMA = YES;
				CLANG_WARN_CONSTANT_CONVERSION = YES;
				CLANG_WARN_DEPRECATED_OBJC_IMPLEMENTATIONS = YES;
				CLANG_WARN_DIRECT_OBJC_ISA_USAGE = YES_ERROR;
				CLANG_WARN_DOCUMENTATION_COMMENTS = YES;
				CLANG_WARN_EMPTY_BODY = YES;
				CLANG_WARN_ENUM_CONVERSION = YES;
				CLANG_WARN_INFINITE_RECURSION = YES;
				CLANG_WARN_INT_CONVERSION = YES;
				CLANG_WARN_NON_LITERAL_NULL_CONVERSION = YES;
				CLANG_WARN_OBJC_IMPLICIT_RETAIN_SELF = YES;
				CLANG_WARN_OBJC_LITERAL_CONVERSION = YES;
				CLANG_WARN_OBJC_ROOT_CLASS = YES_ERROR;
				CLANG_WARN_RANGE_LOOP_ANALYSIS = YES;
				CLANG_WARN_STRICT_PROTOTYPES = YES;
				CLANG_WARN_SUSPICIOUS_MOVE = YES;
				CLANG_WARN_UNGUARDED_AVAILABILITY = YES_AGGRESSIVE;
				CLANG_WARN_UNREACHABLE_CODE = YES;
				CLANG_WARN__DUPLICATE_METHOD_MATCH = YES;
				CODE_SIGN_IDENTITY = "iPhone Developer";
				COPY_PHASE_STRIP = NO;
				DEBUG_INFORMATION_FORMAT = "dwarf-with-dsym";
				ENABLE_NS_ASSERTIONS = NO;
				ENABLE_STRICT_OBJC_MSGSEND = YES;
				GCC_C_LANGUAGE_STANDARD = gnu11;
				GCC_NO_COMMON_BLOCKS = YES;
				GCC_WARN_64_TO_32_BIT_CONVERSION = YES;
				GCC_WARN_ABOUT_RETURN_TYPE = YES_ERROR;
				GCC_WARN_UNDECLARED_SELECTOR = YES;
				GCC_WARN_UNINITIALIZED_AUTOS = YES_AGGRESSIVE;
				GCC_WARN_UNUSED_FUNCTION = YES;
				GCC_WARN_UNUSED_VARIABLE = YES;
				IPHONEOS_DEPLOYMENT_TARGET = 11.4;
				MTL_ENABLE_DEBUG_INFO = NO;
				SDKROOT = iphoneos;
				SWIFT_COMPILATION_MODE = wholemodule;
				SWIFT_OPTIMIZATION_LEVEL = "-O";
				VALIDATE_PRODUCT = YES;
			};
			name = Release;
		};
		BBDB0A7321073CF8006996BF /* Debug */ = {
			isa = XCBuildConfiguration;
			buildSettings = {
				ASSETCATALOG_COMPILER_APPICON_NAME = AppIcon;
				CODE_SIGN_STYLE = Automatic;
				INFOPLIST_FILE = ExampleXcodeproj/Info.plist;
				LD_RUNPATH_SEARCH_PATHS = (
					"$(inherited)",
					"@executable_path/Frameworks",
				);
				PRODUCT_BUNDLE_IDENTIFIER = com.waydeveloper.ExampleXcodeproj;
				PRODUCT_NAME = "$(TARGET_NAME)";
				SWIFT_VERSION = 4.0;
				TARGETED_DEVICE_FAMILY = "1,2";
			};
			name = Debug;
		};
		BBDB0A7421073CF8006996BF /* Release */ = {
			isa = XCBuildConfiguration;
			buildSettings = {
				ASSETCATALOG_COMPILER_APPICON_NAME = AppIcon;
				CODE_SIGN_STYLE = Automatic;
				INFOPLIST_FILE = ExampleXcodeproj/Info.plist;
				LD_RUNPATH_SEARCH_PATHS = (
					"$(inherited)",
					"@executable_path/Frameworks",
				);
				PRODUCT_BUNDLE_IDENTIFIER = com.waydeveloper.ExampleXcodeproj;
				PRODUCT_NAME = "$(TARGET_NAME)";
				SWIFT_VERSION = 4.0;
				TARGETED_DEVICE_FAMILY = "1,2";
			};
			name = Release;
		};
		BBDB0A7621073CF8006996BF /* Debug */ = {
			isa = XCBuildConfiguration;
			buildSettings = {
				ALWAYS_EMBED_SWIFT_STANDARD_LIBRARIES = YES;
				BUNDLE_LOADER = "$(TEST_HOST)";
				CODE_SIGN_STYLE = Automatic;
				INFOPLIST_FILE = ExampleXcodeprojTests/Info.plist;
				LD_RUNPATH_SEARCH_PATHS = (
					"$(inherited)",
					"@executable_path/Frameworks",
					"@loader_path/Frameworks",
				);
				PRODUCT_BUNDLE_IDENTIFIER = com.waydeveloper.ExampleXcodeprojTests;
				PRODUCT_NAME = "$(TARGET_NAME)";
				SWIFT_VERSION = 4.0;
				TARGETED_DEVICE_FAMILY = "1,2";
				TEST_HOST = "$(BUILT_PRODUCTS_DIR)/ExampleXcodeproj.app/ExampleXcodeproj";
			};
			name = Debug;
		};
		BBDB0A7721073CF8006996BF /* Release */ = {
			isa = XCBuildConfiguration;
			buildSettings = {
				ALWAYS_EMBED_SWIFT_STANDARD_LIBRARIES = YES;
				BUNDLE_LOADER = "$(TEST_HOST)";
				CODE_SIGN_STYLE = Automatic;
				INFOPLIST_FILE = ExampleXcodeprojTests/Info.plist;
				LD_RUNPATH_SEARCH_PATHS = (
					"$(inherited)",
					"@executable_path/Frameworks",
					"@loader_path/Frameworks",
				);
				PRODUCT_BUNDLE_IDENTIFIER = com.waydeveloper.ExampleXcodeprojTests;
				PRODUCT_NAME = "$(TARGET_NAME)";
				SWIFT_VERSION = 4.0;
				TARGETED_DEVICE_FAMILY = "1,2";
				TEST_HOST = "$(BUILT_PRODUCTS_DIR)/ExampleXcodeproj.app/ExampleXcodeproj";
			};
			name = Release;
		};
/* End XCBuildConfiguration section */

/* Begin XCConfigurationList section */
		BBDB0A5021073CF7006996BF /* Build configuration list for PBXProject "ExampleXcodeproj" */ = {
			isa = XCConfigurationList;
			buildConfigurations = (
				BBDB0A7021073CF8006996BF /* Debug */,
				BBDB0A7121073CF8006996BF /* Release */,
			);
			defaultConfigurationIsVisible = 0;
			defaultConfigurationName = Release;
		};
		BBDB0A7221073CF8006996BF /* Build configuration list for PBXNativeTarget "ExampleXcodeproj" */ = {
			isa = XCConfigurationList;
			buildConfigurations = (
				BBDB0A7321073CF8006996BF /* Debug */,
				BBDB0A7421073CF8006996BF /* Release */,
			);
			defaultConfigurationIsVisible = 0;
			defaultConfigurationName = Release;
		};
		BBDB0A7521073CF8006996BF /* Build configuration list for PBXNativeTarget "ExampleXcodeprojTests" */ = {
			isa = XCConfigurationList;
			buildConfigurations = (
				BBDB0A7621073CF8006996BF /* Debug */,
				BBDB0A7721073CF8006996BF /* Release */,
			);
			defaultConfigurationIsVisible = 0;
			defaultConfigurationName = Release;
		};
/* End XCConfigurationList section */
	};
	rootObject = BBDB0A4D21073CF7006996BF /* Project object */;
}
