// !$*UTF8*$!
{
	archiveVersion = 1;
	classes = {
	};
	objectVersion = 50;
	objects = {

/* Begin PBXBuildFile section */
		0169F42A347D1ECFEE91973E /* qweBaseUseCase.swift in Sources */ = {isa = PBXBuildFile; fileRef = 231614A220126DB2C5B1D6D6 /* qweBaseUseCase.swift */; };
		02898ED4932534E6AFA93AA5 /* qwertyUseCase.swift in Sources */ = {isa = PBXBuildFile; fileRef = FE92366C29B3FC4885E125E8 /* qwertyUseCase.swift */; };
		1DDDB0B2F77A32D2D823878B /* PartialMockqwerrUseCase.swift in Sources */ = {isa = PBXBuildFile; fileRef = 1A75888B79BECF605DAF7513 /* PartialMockqwerrUseCase.swift */; };
		2D547164D3E7599D2183DF39 /* PartialMockqwertyUseCase.swift in Sources */ = {isa = PBXBuildFile; fileRef = EBCE595CE12C7BD04C35937E /* PartialMockqwertyUseCase.swift */; };
		2F0706E32690921C0C99E0C4 /* qweqUseCaseImplTests.swift in Sources */ = {isa = PBXBuildFile; fileRef = 6CBD39CE6A6FE7D8642213EA /* qweqUseCaseImplTests.swift */; };
		475056B77DB64CA21F24B96B /* qwerUseCaseImplTests.swift in Sources */ = {isa = PBXBuildFile; fileRef = 1B4BD6AD61065BE4914468B0 /* qwerUseCaseImplTests.swift */; };
		6EC3A5D1809E5DDE28591545 /* qwerrUseCaseImplTests.swift in Sources */ = {isa = PBXBuildFile; fileRef = 30372E586D539DB9EB555A4C /* qwerrUseCaseImplTests.swift */; };
		81852FFE96A4C6CCFCC989B0 /* qwertyUseCaseImplTests.swift in Sources */ = {isa = PBXBuildFile; fileRef = 6553DC4D1084754BDCE818DD /* qwertyUseCaseImplTests.swift */; };
		96EF8C213A3D0E56610E02CA /* PartialMockqwewUseCase.swift in Sources */ = {isa = PBXBuildFile; fileRef = BA424259664A63288490781F /* PartialMockqwewUseCase.swift */; };
		B5E1A39A9EBB212780E1D302 /* qweeeeeeUseCaseImplTests.swift in Sources */ = {isa = PBXBuildFile; fileRef = 0B494624536E1EAC1BAFE3AC /* qweeeeeeUseCaseImplTests.swift */; };
		BBD6DB3B08242859049AA9A3 /* qweeeeeeUseCase.swift in Sources */ = {isa = PBXBuildFile; fileRef = 96A8617CFFE65E53BDC2E56F /* qweeeeeeUseCase.swift */; };
		BBDB0A5921073CF7006996BF /* AppDelegate.swift in Sources */ = {isa = PBXBuildFile; fileRef = BBDB0A5821073CF7006996BF /* AppDelegate.swift */; };
		BBDB0A5B21073CF7006996BF /* ViewController.swift in Sources */ = {isa = PBXBuildFile; fileRef = BBDB0A5A21073CF7006996BF /* ViewController.swift */; };
		BBDB0A5E21073CF7006996BF /* Main.storyboard in Resources */ = {isa = PBXBuildFile; fileRef = BBDB0A5C21073CF7006996BF /* Main.storyboard */; };
		BBDB0A6021073CF8006996BF /* Assets.xcassets in Resources */ = {isa = PBXBuildFile; fileRef = BBDB0A5F21073CF8006996BF /* Assets.xcassets */; };
		BBDB0A6321073CF8006996BF /* LaunchScreen.storyboard in Resources */ = {isa = PBXBuildFile; fileRef = BBDB0A6121073CF8006996BF /* LaunchScreen.storyboard */; };
		BBDB0A6E21073CF8006996BF /* ExampleXcodeprojTests.swift in Sources */ = {isa = PBXBuildFile; fileRef = BBDB0A6D21073CF8006996BF /* ExampleXcodeprojTests.swift */; };
		C2B5A9006345C96BC20C8E1A /* qwewUseCaseImplTests.swift in Sources */ = {isa = PBXBuildFile; fileRef = AF7B341809BC376903FCE040 /* qwewUseCaseImplTests.swift */; };
		D49B503EF94E7F2A9664666E /* qweqUseCase.swift in Sources */ = {isa = PBXBuildFile; fileRef = 857581B7380256B9DE9B1EB3 /* qweqUseCase.swift */; };
		DA2319B1AC37A1F89795B440 /* qwewUseCase.swift in Sources */ = {isa = PBXBuildFile; fileRef = 1FE5D2CAE10F31CDB0A8C191 /* qwewUseCase.swift */; };
		E2C6AE7A4AA698B23A736ADC /* qwerUseCase.swift in Sources */ = {isa = PBXBuildFile; fileRef = 9222EFD9A15217695DBF05D9 /* qwerUseCase.swift */; };
		EB819729A52E74F0000DF112 /* PartialMockqwerUseCase.swift in Sources */ = {isa = PBXBuildFile; fileRef = 68679EC856948B6BB1084F81 /* PartialMockqwerUseCase.swift */; };
		F708FB51883FE6B3DAC5AE8C /* qwerrUseCase.swift in Sources */ = {isa = PBXBuildFile; fileRef = 330B88531EA6DA387F14F6B5 /* qwerrUseCase.swift */; };
/* End PBXBuildFile section */

/* Begin PBXContainerItemProxy section */
		BBDB0A6A21073CF8006996BF /* PBXContainerItemProxy */ = {
			isa = PBXContainerItemProxy;
			containerPortal = BBDB0A4D21073CF7006996BF /* Project object */;
			proxyType = 1;
			remoteGlobalIDString = BBDB0A5421073CF7006996BF;
			remoteInfo = ExampleXcodeproj;
		};
/* End PBXContainerItemProxy section */

/* Begin PBXFileReference section */
		0B494624536E1EAC1BAFE3AC /* qweeeeeeUseCaseImplTests.swift */ = {isa = PBXFileReference; includeInIndex = 1; lastKnownFileType = sourcecode.swift; path = qweeeeeeUseCaseImplTests.swift; sourceTree = "<group>"; };
		1A75888B79BECF605DAF7513 /* PartialMockqwerrUseCase.swift */ = {isa = PBXFileReference; includeInIndex = 1; lastKnownFileType = sourcecode.swift; path = PartialMockqwerrUseCase.swift; sourceTree = "<group>"; };
		1B4BD6AD61065BE4914468B0 /* qwerUseCaseImplTests.swift */ = {isa = PBXFileReference; includeInIndex = 1; lastKnownFileType = sourcecode.swift; path = qwerUseCaseImplTests.swift; sourceTree = "<group>"; };
		1FE5D2CAE10F31CDB0A8C191 /* qwewUseCase.swift */ = {isa = PBXFileReference; includeInIndex = 1; lastKnownFileType = sourcecode.swift; path = qwewUseCase.swift; sourceTree = "<group>"; };
		231614A220126DB2C5B1D6D6 /* qweBaseUseCase.swift */ = {isa = PBXFileReference; includeInIndex = 1; lastKnownFileType = sourcecode.swift; path = qweBaseUseCase.swift; sourceTree = "<group>"; };
		30372E586D539DB9EB555A4C /* qwerrUseCaseImplTests.swift */ = {isa = PBXFileReference; includeInIndex = 1; lastKnownFileType = sourcecode.swift; path = qwerrUseCaseImplTests.swift; sourceTree = "<group>"; };
		330B88531EA6DA387F14F6B5 /* qwerrUseCase.swift */ = {isa = PBXFileReference; includeInIndex = 1; lastKnownFileType = sourcecode.swift; path = qwerrUseCase.swift; sourceTree = "<group>"; };
		6553DC4D1084754BDCE818DD /* qwertyUseCaseImplTests.swift */ = {isa = PBXFileReference; includeInIndex = 1; lastKnownFileType = sourcecode.swift; path = qwertyUseCaseImplTests.swift; sourceTree = "<group>"; };
		68679EC856948B6BB1084F81 /* PartialMockqwerUseCase.swift */ = {isa = PBXFileReference; includeInIndex = 1; lastKnownFileType = sourcecode.swift; path = PartialMockqwerUseCase.swift; sourceTree = "<group>"; };
		6CBD39CE6A6FE7D8642213EA /* qweqUseCaseImplTests.swift */ = {isa = PBXFileReference; includeInIndex = 1; lastKnownFileType = sourcecode.swift; path = qweqUseCaseImplTests.swift; sourceTree = "<group>"; };
		857581B7380256B9DE9B1EB3 /* qweqUseCase.swift */ = {isa = PBXFileReference; includeInIndex = 1; lastKnownFileType = sourcecode.swift; path = qweqUseCase.swift; sourceTree = "<group>"; };
		9222EFD9A15217695DBF05D9 /* qwerUseCase.swift */ = {isa = PBXFileReference; includeInIndex = 1; lastKnownFileType = sourcecode.swift; path = qwerUseCase.swift; sourceTree = "<group>"; };
		96A8617CFFE65E53BDC2E56F /* qweeeeeeUseCase.swift */ = {isa = PBXFileReference; includeInIndex = 1; lastKnownFileType = sourcecode.swift; path = qweeeeeeUseCase.swift; sourceTree = "<group>"; };
		AF7B341809BC376903FCE040 /* qwewUseCaseImplTests.swift */ = {isa = PBXFileReference; includeInIndex = 1; lastKnownFileType = sourcecode.swift; path = qwewUseCaseImplTests.swift; sourceTree = "<group>"; };
		BA424259664A63288490781F /* PartialMockqwewUseCase.swift */ = {isa = PBXFileReference; includeInIndex = 1; lastKnownFileType = sourcecode.swift; path = PartialMockqwewUseCase.swift; sourceTree = "<group>"; };
		BBDB0A5521073CF7006996BF /* ExampleXcodeproj.app */ = {isa = PBXFileReference; explicitFileType = wrapper.application; includeInIndex = 0; path = ExampleXcodeproj.app; sourceTree = BUILT_PRODUCTS_DIR; };
		BBDB0A5821073CF7006996BF /* AppDelegate.swift */ = {isa = PBXFileReference; lastKnownFileType = sourcecode.swift; path = AppDelegate.swift; sourceTree = "<group>"; };
		BBDB0A5A21073CF7006996BF /* ViewController.swift */ = {isa = PBXFileReference; lastKnownFileType = sourcecode.swift; path = ViewController.swift; sourceTree = "<group>"; };
		BBDB0A5D21073CF7006996BF /* Base */ = {isa = PBXFileReference; lastKnownFileType = file.storyboard; name = Base; path = Base.lproj/Main.storyboard; sourceTree = "<group>"; };
		BBDB0A5F21073CF8006996BF /* Assets.xcassets */ = {isa = PBXFileReference; lastKnownFileType = folder.assetcatalog; path = Assets.xcassets; sourceTree = "<group>"; };
		BBDB0A6221073CF8006996BF /* Base */ = {isa = PBXFileReference; lastKnownFileType = file.storyboard; name = Base; path = Base.lproj/LaunchScreen.storyboard; sourceTree = "<group>"; };
		BBDB0A6421073CF8006996BF /* Info.plist */ = {isa = PBXFileReference; lastKnownFileType = text.plist.xml; path = Info.plist; sourceTree = "<group>"; };
		BBDB0A6921073CF8006996BF /* ExampleXcodeprojTests.xctest */ = {isa = PBXFileReference; explicitFileType = wrapper.cfbundle; includeInIndex = 0; path = ExampleXcodeprojTests.xctest; sourceTree = BUILT_PRODUCTS_DIR; };
		BBDB0A6D21073CF8006996BF /* ExampleXcodeprojTests.swift */ = {isa = PBXFileReference; lastKnownFileType = sourcecode.swift; path = ExampleXcodeprojTests.swift; sourceTree = "<group>"; };
		BBDB0A6F21073CF8006996BF /* Info.plist */ = {isa = PBXFileReference; lastKnownFileType = text.plist.xml; path = Info.plist; sourceTree = "<group>"; };
		EBCE595CE12C7BD04C35937E /* PartialMockqwertyUseCase.swift */ = {isa = PBXFileReference; includeInIndex = 1; lastKnownFileType = sourcecode.swift; path = PartialMockqwertyUseCase.swift; sourceTree = "<group>"; };
		FE92366C29B3FC4885E125E8 /* qwertyUseCase.swift */ = {isa = PBXFileReference; includeInIndex = 1; lastKnownFileType = sourcecode.swift; path = qwertyUseCase.swift; sourceTree = "<group>"; };
/* End PBXFileReference section */

/* Begin PBXFrameworksBuildPhase section */
		BBDB0A5221073CF7006996BF /* Frameworks */ = {
			isa = PBXFrameworksBuildPhase;
			buildActionMask = 2147483647;
			files = (
			);
			runOnlyForDeploymentPostprocessing = 0;
		};
		BBDB0A6621073CF8006996BF /* Frameworks */ = {
			isa = PBXFrameworksBuildPhase;
			buildActionMask = 2147483647;
			files = (
			);
			runOnlyForDeploymentPostprocessing = 0;
		};
/* End PBXFrameworksBuildPhase section */

/* Begin PBXGroup section */
		028EBFA24381694A7C534355 /* Layers */ = {
			isa = PBXGroup;
			children = (
				6E900781916E4E72AFABC146 /* DomainLayer */,
			);
			name = Layers;
			path = Layers;
			sourceTree = "<group>";
		};
		04AFFDEC665283686B214235 /* qwe */ = {
			isa = PBXGroup;
			children = (
				6553DC4D1084754BDCE818DD /* qwertyUseCaseImplTests.swift */,
				0B494624536E1EAC1BAFE3AC /* qweeeeeeUseCaseImplTests.swift */,
				6CBD39CE6A6FE7D8642213EA /* qweqUseCaseImplTests.swift */,
				AF7B341809BC376903FCE040 /* qwewUseCaseImplTests.swift */,
				1B4BD6AD61065BE4914468B0 /* qwerUseCaseImplTests.swift */,
				30372E586D539DB9EB555A4C /* qwerrUseCaseImplTests.swift */,
			);
			name = qwe;
			path = qwe;
			sourceTree = "<group>";
		};
		097C11C3ABC4E02470D57FAB /* Entities */ = {
			isa = PBXGroup;
			children = (
				04AFFDEC665283686B214235 /* qwe */,
			);
			name = Entities;
			path = Entities;
			sourceTree = "<group>";
		};
		5E815C1B9788AA4A5BA5ED4E /* Entities */ = {
			isa = PBXGroup;
			children = (
				9CBE75B41E18D56F39CA417F /* qwe */,
			);
			name = Entities;
			path = Entities;
			sourceTree = "<group>";
		};
		6E900781916E4E72AFABC146 /* DomainLayer */ = {
			isa = PBXGroup;
			children = (
				097C11C3ABC4E02470D57FAB /* Entities */,
			);
			name = DomainLayer;
			path = DomainLayer;
			sourceTree = "<group>";
		};
		86F454F8200AF28FA86558AB /* qwe */ = {
			isa = PBXGroup;
			children = (
				EBCE595CE12C7BD04C35937E /* PartialMockqwertyUseCase.swift */,
				BA424259664A63288490781F /* PartialMockqwewUseCase.swift */,
				68679EC856948B6BB1084F81 /* PartialMockqwerUseCase.swift */,
				1A75888B79BECF605DAF7513 /* PartialMockqwerrUseCase.swift */,
			);
			name = qwe;
			path = qwe;
			sourceTree = "<group>";
		};
		9651D4BB0C5BCA1B3970D5B4 /* Mocks */ = {
			isa = PBXGroup;
			children = (
				86F454F8200AF28FA86558AB /* qwe */,
			);
			name = Mocks;
			path = Mocks;
			sourceTree = "<group>";
		};
		9CBE75B41E18D56F39CA417F /* qwe */ = {
			isa = PBXGroup;
			children = (
				231614A220126DB2C5B1D6D6 /* qweBaseUseCase.swift */,
				E01D934E3FDEC404BA77673F /* usecases */,
			);
			name = qwe;
			path = qwe;
			sourceTree = "<group>";
		};
		AD4BB3437C26077F6ECDE05A /* Layers */ = {
			isa = PBXGroup;
			children = (
				EE0A39F8FA950D63E4340B9E /* DomainLayer */,
			);
			name = Layers;
			path = Layers;
			sourceTree = "<group>";
		};
		BBDB0A4C21073CF7006996BF = {
			isa = PBXGroup;
			children = (
				BBDB0A5721073CF7006996BF /* ExampleXcodeproj */,
				BBDB0A6C21073CF8006996BF /* ExampleXcodeprojTests */,
				BBDB0A5621073CF7006996BF /* Products */,
			);
			sourceTree = "<group>";
		};
		BBDB0A5621073CF7006996BF /* Products */ = {
			isa = PBXGroup;
			children = (
				BBDB0A5521073CF7006996BF /* ExampleXcodeproj.app */,
				BBDB0A6921073CF8006996BF /* ExampleXcodeprojTests.xctest */,
			);
			name = Products;
			sourceTree = "<group>";
		};
		BBDB0A5721073CF7006996BF /* ExampleXcodeproj */ = {
			isa = PBXGroup;
			children = (
				BBDB0A5821073CF7006996BF /* AppDelegate.swift */,
				BBDB0A5A21073CF7006996BF /* ViewController.swift */,
				BBDB0A5C21073CF7006996BF /* Main.storyboard */,
				BBDB0A5F21073CF8006996BF /* Assets.xcassets */,
				BBDB0A6121073CF8006996BF /* LaunchScreen.storyboard */,
				BBDB0A6421073CF8006996BF /* Info.plist */,
				AD4BB3437C26077F6ECDE05A /* Layers */,
			);
			path = ExampleXcodeproj;
			sourceTree = "<group>";
		};
		BBDB0A6C21073CF8006996BF /* ExampleXcodeprojTests */ = {
			isa = PBXGroup;
			children = (
				BBDB0A6D21073CF8006996BF /* ExampleXcodeprojTests.swift */,
				BBDB0A6F21073CF8006996BF /* Info.plist */,
				028EBFA24381694A7C534355 /* Layers */,
				9651D4BB0C5BCA1B3970D5B4 /* Mocks */,
			);
			path = ExampleXcodeprojTests;
			sourceTree = "<group>";
		};
		E01D934E3FDEC404BA77673F /* usecases */ = {
			isa = PBXGroup;
			children = (
				FE92366C29B3FC4885E125E8 /* qwertyUseCase.swift */,
				96A8617CFFE65E53BDC2E56F /* qweeeeeeUseCase.swift */,
				857581B7380256B9DE9B1EB3 /* qweqUseCase.swift */,
				1FE5D2CAE10F31CDB0A8C191 /* qwewUseCase.swift */,
				9222EFD9A15217695DBF05D9 /* qwerUseCase.swift */,
				330B88531EA6DA387F14F6B5 /* qwerrUseCase.swift */,
			);
			name = usecases;
			path = usecases;
			sourceTree = "<group>";
		};
		EE0A39F8FA950D63E4340B9E /* DomainLayer */ = {
			isa = PBXGroup;
			children = (
				5E815C1B9788AA4A5BA5ED4E /* Entities */,
			);
			name = DomainLayer;
			path = DomainLayer;
			sourceTree = "<group>";
		};
/* End PBXGroup section */

/* Begin PBXNativeTarget section */
		BBDB0A5421073CF7006996BF /* ExampleXcodeproj */ = {
			isa = PBXNativeTarget;
			buildConfigurationList = BBDB0A7221073CF8006996BF /* Build configuration list for PBXNativeTarget "ExampleXcodeproj" */;
			buildPhases = (
				BBDB0A5121073CF7006996BF /* Sources */,
				BBDB0A5221073CF7006996BF /* Frameworks */,
				BBDB0A5321073CF7006996BF /* Resources */,
			);
			buildRules = (
			);
			dependencies = (
			);
			name = ExampleXcodeproj;
			productName = ExampleXcodeproj;
			productReference = BBDB0A5521073CF7006996BF /* ExampleXcodeproj.app */;
			productType = "com.apple.product-type.application";
		};
		BBDB0A6821073CF8006996BF /* ExampleXcodeprojTests */ = {
			isa = PBXNativeTarget;
			buildConfigurationList = BBDB0A7521073CF8006996BF /* Build configuration list for PBXNativeTarget "ExampleXcodeprojTests" */;
			buildPhases = (
				BBDB0A6521073CF8006996BF /* Sources */,
				BBDB0A6621073CF8006996BF /* Frameworks */,
				BBDB0A6721073CF8006996BF /* Resources */,
			);
			buildRules = (
			);
			dependencies = (
				BBDB0A6B21073CF8006996BF /* PBXTargetDependency */,
			);
			name = ExampleXcodeprojTests;
			productName = ExampleXcodeprojTests;
			productReference = BBDB0A6921073CF8006996BF /* ExampleXcodeprojTests.xctest */;
			productType = "com.apple.product-type.bundle.unit-test";
		};
/* End PBXNativeTarget section */

/* Begin PBXProject section */
		BBDB0A4D21073CF7006996BF /* Project object */ = {
			isa = PBXProject;
			attributes = {
				LastSwiftUpdateCheck = 0940;
				LastUpgradeCheck = 0940;
				ORGANIZATIONNAME = "Roman Kotov";
				TargetAttributes = {
					BBDB0A5421073CF7006996BF = {
						CreatedOnToolsVersion = 9.4.1;
					};
					BBDB0A6821073CF8006996BF = {
						CreatedOnToolsVersion = 9.4.1;
						TestTargetID = BBDB0A5421073CF7006996BF;
					};
				};
			};
			buildConfigurationList = BBDB0A5021073CF7006996BF /* Build configuration list for PBXProject "ExampleXcodeproj" */;
			compatibilityVersion = "Xcode 9.3";
			developmentRegion = en;
			hasScannedForEncodings = 0;
			knownRegions = (
				en,
				Base,
			);
			mainGroup = BBDB0A4C21073CF7006996BF;
			productRefGroup = BBDB0A5621073CF7006996BF /* Products */;
			projectDirPath = "";
			projectRoot = "";
			targets = (
				BBDB0A5421073CF7006996BF /* ExampleXcodeproj */,
				BBDB0A6821073CF8006996BF /* ExampleXcodeprojTests */,
			);
		};
/* End PBXProject section */

/* Begin PBXResourcesBuildPhase section */
		BBDB0A5321073CF7006996BF /* Resources */ = {
			isa = PBXResourcesBuildPhase;
			buildActionMask = 2147483647;
			files = (
				BBDB0A6321073CF8006996BF /* LaunchScreen.storyboard in Resources */,
				BBDB0A6021073CF8006996BF /* Assets.xcassets in Resources */,
				BBDB0A5E21073CF7006996BF /* Main.storyboard in Resources */,
			);
			runOnlyForDeploymentPostprocessing = 0;
		};
		BBDB0A6721073CF8006996BF /* Resources */ = {
			isa = PBXResourcesBuildPhase;
			buildActionMask = 2147483647;
			files = (
			);
			runOnlyForDeploymentPostprocessing = 0;
		};
/* End PBXResourcesBuildPhase section */

/* Begin PBXSourcesBuildPhase section */
		BBDB0A5121073CF7006996BF /* Sources */ = {
			isa = PBXSourcesBuildPhase;
			buildActionMask = 2147483647;
			files = (
				BBDB0A5B21073CF7006996BF /* ViewController.swift in Sources */,
				BBDB0A5921073CF7006996BF /* AppDelegate.swift in Sources */,
				0169F42A347D1ECFEE91973E /* qweBaseUseCase.swift in Sources */,
				02898ED4932534E6AFA93AA5 /* qwertyUseCase.swift in Sources */,
				BBD6DB3B08242859049AA9A3 /* qweeeeeeUseCase.swift in Sources */,
				D49B503EF94E7F2A9664666E /* qweqUseCase.swift in Sources */,
				DA2319B1AC37A1F89795B440 /* qwewUseCase.swift in Sources */,
				E2C6AE7A4AA698B23A736ADC /* qwerUseCase.swift in Sources */,
				F708FB51883FE6B3DAC5AE8C /* qwerrUseCase.swift in Sources */,
			);
			runOnlyForDeploymentPostprocessing = 0;
		};
		BBDB0A6521073CF8006996BF /* Sources */ = {
			isa = PBXSourcesBuildPhase;
			buildActionMask = 2147483647;
			files = (
				BBDB0A6E21073CF8006996BF /* ExampleXcodeprojTests.swift in Sources */,
				81852FFE96A4C6CCFCC989B0 /* qwertyUseCaseImplTests.swift in Sources */,
				2D547164D3E7599D2183DF39 /* PartialMockqwertyUseCase.swift in Sources */,
				B5E1A39A9EBB212780E1D302 /* qweeeeeeUseCaseImplTests.swift in Sources */,
				2F0706E32690921C0C99E0C4 /* qweqUseCaseImplTests.swift in Sources */,
				C2B5A9006345C96BC20C8E1A /* qwewUseCaseImplTests.swift in Sources */,
				96EF8C213A3D0E56610E02CA /* PartialMockqwewUseCase.swift in Sources */,
				475056B77DB64CA21F24B96B /* qwerUseCaseImplTests.swift in Sources */,
				EB819729A52E74F0000DF112 /* PartialMockqwerUseCase.swift in Sources */,
				6EC3A5D1809E5DDE28591545 /* qwerrUseCaseImplTests.swift in Sources */,
				1DDDB0B2F77A32D2D823878B /* PartialMockqwerrUseCase.swift in Sources */,
			);
			runOnlyForDeploymentPostprocessing = 0;
		};
/* End PBXSourcesBuildPhase section */

/* Begin PBXTargetDependency section */
		BBDB0A6B21073CF8006996BF /* PBXTargetDependency */ = {
			isa = PBXTargetDependency;
			target = BBDB0A5421073CF7006996BF /* ExampleXcodeproj */;
			targetProxy = BBDB0A6A21073CF8006996BF /* PBXContainerItemProxy */;
		};
/* End PBXTargetDependency section */

/* Begin PBXVariantGroup section */
		BBDB0A5C21073CF7006996BF /* Main.storyboard */ = {
			isa = PBXVariantGroup;
			children = (
				BBDB0A5D21073CF7006996BF /* Base */,
			);
			name = Main.storyboard;
			sourceTree = "<group>";
		};
		BBDB0A6121073CF8006996BF /* LaunchScreen.storyboard */ = {
			isa = PBXVariantGroup;
			children = (
				BBDB0A6221073CF8006996BF /* Base */,
			);
			name = LaunchScreen.storyboard;
			sourceTree = "<group>";
		};
/* End PBXVariantGroup section */

/* Begin XCBuildConfiguration section */
		BBDB0A7021073CF8006996BF /* Debug */ = {
			isa = XCBuildConfiguration;
			buildSettings = {
				ALWAYS_SEARCH_USER_PATHS = NO;
				CLANG_ANALYZER_NONNULL = YES;
				CLANG_ANALYZER_NUMBER_OBJECT_CONVERSION = YES_AGGRESSIVE;
				CLANG_CXX_LANGUAGE_STANDARD = "gnu++14";
				CLANG_CXX_LIBRARY = "libc++";
				CLANG_ENABLE_MODULES = YES;
				CLANG_ENABLE_OBJC_ARC = YES;
				CLANG_ENABLE_OBJC_WEAK = YES;
				CLANG_WARN_BLOCK_CAPTURE_AUTORELEASING = YES;
				CLANG_WARN_BOOL_CONVERSION = YES;
				CLANG_WARN_COMMA = YES;
				CLANG_WARN_CONSTANT_CONVERSION = YES;
				CLANG_WARN_DEPRECATED_OBJC_IMPLEMENTATIONS = YES;
				CLANG_WARN_DIRECT_OBJC_ISA_USAGE = YES_ERROR;
				CLANG_WARN_DOCUMENTATION_COMMENTS = YES;
				CLANG_WARN_EMPTY_BODY = YES;
				CLANG_WARN_ENUM_CONVERSION = YES;
				CLANG_WARN_INFINITE_RECURSION = YES;
				CLANG_WARN_INT_CONVERSION = YES;
				CLANG_WARN_NON_LITERAL_NULL_CONVERSION = YES;
				CLANG_WARN_OBJC_IMPLICIT_RETAIN_SELF = YES;
				CLANG_WARN_OBJC_LITERAL_CONVERSION = YES;
				CLANG_WARN_OBJC_ROOT_CLASS = YES_ERROR;
				CLANG_WARN_RANGE_LOOP_ANALYSIS = YES;
				CLANG_WARN_STRICT_PROTOTYPES = YES;
				CLANG_WARN_SUSPICIOUS_MOVE = YES;
				CLANG_WARN_UNGUARDED_AVAILABILITY = YES_AGGRESSIVE;
				CLANG_WARN_UNREACHABLE_CODE = YES;
				CLANG_WARN__DUPLICATE_METHOD_MATCH = YES;
				CODE_SIGN_IDENTITY = "iPhone Developer";
				COPY_PHASE_STRIP = NO;
				DEBUG_INFORMATION_FORMAT = dwarf;
				ENABLE_STRICT_OBJC_MSGSEND = YES;
				ENABLE_TESTABILITY = YES;
				GCC_C_LANGUAGE_STANDARD = gnu11;
				GCC_DYNAMIC_NO_PIC = NO;
				GCC_NO_COMMON_BLOCKS = YES;
				GCC_OPTIMIZATION_LEVEL = 0;
				GCC_PREPROCESSOR_DEFINITIONS = (
					"DEBUG=1",
					"$(inherited)",
				);
				GCC_WARN_64_TO_32_BIT_CONVERSION = YES;
				GCC_WARN_ABOUT_RETURN_TYPE = YES_ERROR;
				GCC_WARN_UNDECLARED_SELECTOR = YES;
				GCC_WARN_UNINITIALIZED_AUTOS = YES_AGGRESSIVE;
				GCC_WARN_UNUSED_FUNCTION = YES;
				GCC_WARN_UNUSED_VARIABLE = YES;
				IPHONEOS_DEPLOYMENT_TARGET = 11.4;
				MTL_ENABLE_DEBUG_INFO = YES;
				ONLY_ACTIVE_ARCH = YES;
				SDKROOT = iphoneos;
				SWIFT_ACTIVE_COMPILATION_CONDITIONS = DEBUG;
				SWIFT_OPTIMIZATION_LEVEL = "-Onone";
			};
			name = Debug;
		};
		BBDB0A7121073CF8006996BF /* Release */ = {
			isa = XCBuildConfiguration;
			buildSettings = {
				ALWAYS_SEARCH_USER_PATHS = NO;
				CLANG_ANALYZER_NONNULL = YES;
				CLANG_ANALYZER_NUMBER_OBJECT_CONVERSION = YES_AGGRESSIVE;
				CLANG_CXX_LANGUAGE_STANDARD = "gnu++14";
				CLANG_CXX_LIBRARY = "libc++";
				CLANG_ENABLE_MODULES = YES;
				CLANG_ENABLE_OBJC_ARC = YES;
				CLANG_ENABLE_OBJC_WEAK = YES;
				CLANG_WARN_BLOCK_CAPTURE_AUTORELEASING = YES;
				CLANG_WARN_BOOL_CONVERSION = YES;
				CLANG_WARN_COMMA = YES;
				CLANG_WARN_CONSTANT_CONVERSION = YES;
				CLANG_WARN_DEPRECATED_OBJC_IMPLEMENTATIONS = YES;
				CLANG_WARN_DIRECT_OBJC_ISA_USAGE = YES_ERROR;
				CLANG_WARN_DOCUMENTATION_COMMENTS = YES;
				CLANG_WARN_EMPTY_BODY = YES;
				CLANG_WARN_ENUM_CONVERSION = YES;
				CLANG_WARN_INFINITE_RECURSION = YES;
				CLANG_WARN_INT_CONVERSION = YES;
				CLANG_WARN_NON_LITERAL_NULL_CONVERSION = YES;
				CLANG_WARN_OBJC_IMPLICIT_RETAIN_SELF = YES;
				CLANG_WARN_OBJC_LITERAL_CONVERSION = YES;
				CLANG_WARN_OBJC_ROOT_CLASS = YES_ERROR;
				CLANG_WARN_RANGE_LOOP_ANALYSIS = YES;
				CLANG_WARN_STRICT_PROTOTYPES = YES;
				CLANG_WARN_SUSPICIOUS_MOVE = YES;
				CLANG_WARN_UNGUARDED_AVAILABILITY = YES_AGGRESSIVE;
				CLANG_WARN_UNREACHABLE_CODE = YES;
				CLANG_WARN__DUPLICATE_METHOD_MATCH = YES;
				CODE_SIGN_IDENTITY = "iPhone Developer";
				COPY_PHASE_STRIP = NO;
				DEBUG_INFORMATION_FORMAT = "dwarf-with-dsym";
				ENABLE_NS_ASSERTIONS = NO;
				ENABLE_STRICT_OBJC_MSGSEND = YES;
				GCC_C_LANGUAGE_STANDARD = gnu11;
				GCC_NO_COMMON_BLOCKS = YES;
				GCC_WARN_64_TO_32_BIT_CONVERSION = YES;
				GCC_WARN_ABOUT_RETURN_TYPE = YES_ERROR;
				GCC_WARN_UNDECLARED_SELECTOR = YES;
				GCC_WARN_UNINITIALIZED_AUTOS = YES_AGGRESSIVE;
				GCC_WARN_UNUSED_FUNCTION = YES;
				GCC_WARN_UNUSED_VARIABLE = YES;
				IPHONEOS_DEPLOYMENT_TARGET = 11.4;
				MTL_ENABLE_DEBUG_INFO = NO;
				SDKROOT = iphoneos;
				SWIFT_COMPILATION_MODE = wholemodule;
				SWIFT_OPTIMIZATION_LEVEL = "-O";
				VALIDATE_PRODUCT = YES;
			};
			name = Release;
		};
		BBDB0A7321073CF8006996BF /* Debug */ = {
			isa = XCBuildConfiguration;
			buildSettings = {
				ASSETCATALOG_COMPILER_APPICON_NAME = AppIcon;
				CODE_SIGN_STYLE = Automatic;
				INFOPLIST_FILE = ExampleXcodeproj/Info.plist;
				LD_RUNPATH_SEARCH_PATHS = (
					"$(inherited)",
					"@executable_path/Frameworks",
				);
				PRODUCT_BUNDLE_IDENTIFIER = com.waydeveloper.ExampleXcodeproj;
				PRODUCT_NAME = "$(TARGET_NAME)";
				SWIFT_VERSION = 4.0;
				TARGETED_DEVICE_FAMILY = "1,2";
			};
			name = Debug;
		};
		BBDB0A7421073CF8006996BF /* Release */ = {
			isa = XCBuildConfiguration;
			buildSettings = {
				ASSETCATALOG_COMPILER_APPICON_NAME = AppIcon;
				CODE_SIGN_STYLE = Automatic;
				INFOPLIST_FILE = ExampleXcodeproj/Info.plist;
				LD_RUNPATH_SEARCH_PATHS = (
					"$(inherited)",
					"@executable_path/Frameworks",
				);
				PRODUCT_BUNDLE_IDENTIFIER = com.waydeveloper.ExampleXcodeproj;
				PRODUCT_NAME = "$(TARGET_NAME)";
				SWIFT_VERSION = 4.0;
				TARGETED_DEVICE_FAMILY = "1,2";
			};
			name = Release;
		};
		BBDB0A7621073CF8006996BF /* Debug */ = {
			isa = XCBuildConfiguration;
			buildSettings = {
				ALWAYS_EMBED_SWIFT_STANDARD_LIBRARIES = YES;
				BUNDLE_LOADER = "$(TEST_HOST)";
				CODE_SIGN_STYLE = Automatic;
				INFOPLIST_FILE = ExampleXcodeprojTests/Info.plist;
				LD_RUNPATH_SEARCH_PATHS = (
					"$(inherited)",
					"@executable_path/Frameworks",
					"@loader_path/Frameworks",
				);
				PRODUCT_BUNDLE_IDENTIFIER = com.waydeveloper.ExampleXcodeprojTests;
				PRODUCT_NAME = "$(TARGET_NAME)";
				SWIFT_VERSION = 4.0;
				TARGETED_DEVICE_FAMILY = "1,2";
				TEST_HOST = "$(BUILT_PRODUCTS_DIR)/ExampleXcodeproj.app/ExampleXcodeproj";
			};
			name = Debug;
		};
		BBDB0A7721073CF8006996BF /* Release */ = {
			isa = XCBuildConfiguration;
			buildSettings = {
				ALWAYS_EMBED_SWIFT_STANDARD_LIBRARIES = YES;
				BUNDLE_LOADER = "$(TEST_HOST)";
				CODE_SIGN_STYLE = Automatic;
				INFOPLIST_FILE = ExampleXcodeprojTests/Info.plist;
				LD_RUNPATH_SEARCH_PATHS = (
					"$(inherited)",
					"@executable_path/Frameworks",
					"@loader_path/Frameworks",
				);
				PRODUCT_BUNDLE_IDENTIFIER = com.waydeveloper.ExampleXcodeprojTests;
				PRODUCT_NAME = "$(TARGET_NAME)";
				SWIFT_VERSION = 4.0;
				TARGETED_DEVICE_FAMILY = "1,2";
				TEST_HOST = "$(BUILT_PRODUCTS_DIR)/ExampleXcodeproj.app/ExampleXcodeproj";
			};
			name = Release;
		};
/* End XCBuildConfiguration section */

/* Begin XCConfigurationList section */
		BBDB0A5021073CF7006996BF /* Build configuration list for PBXProject "ExampleXcodeproj" */ = {
			isa = XCConfigurationList;
			buildConfigurations = (
				BBDB0A7021073CF8006996BF /* Debug */,
				BBDB0A7121073CF8006996BF /* Release */,
			);
			defaultConfigurationIsVisible = 0;
			defaultConfigurationName = Release;
		};
		BBDB0A7221073CF8006996BF /* Build configuration list for PBXNativeTarget "ExampleXcodeproj" */ = {
			isa = XCConfigurationList;
			buildConfigurations = (
				BBDB0A7321073CF8006996BF /* Debug */,
				BBDB0A7421073CF8006996BF /* Release */,
			);
			defaultConfigurationIsVisible = 0;
			defaultConfigurationName = Release;
		};
		BBDB0A7521073CF8006996BF /* Build configuration list for PBXNativeTarget "ExampleXcodeprojTests" */ = {
			isa = XCConfigurationList;
			buildConfigurations = (
				BBDB0A7621073CF8006996BF /* Debug */,
				BBDB0A7721073CF8006996BF /* Release */,
			);
			defaultConfigurationIsVisible = 0;
			defaultConfigurationName = Release;
		};
/* End XCConfigurationList section */
	};
	rootObject = BBDB0A4D21073CF7006996BF /* Project object */;
}
