// !$*UTF8*$!
{
	archiveVersion = 1;
	classes = {
	};
	objectVersion = 50;
	objects = {

/* Begin PBXBuildFile section */
		0AE2BA96B8FE3805FFB0321D /* UsersUseCase.swift in Sources */ = {isa = PBXBuildFile; fileRef = 8322952E202F19BD55D7C668 /* UsersUseCase.swift */; };
		728F0363F92915EBC421400A /* UsersUseCaseImplTests.swift in Sources */ = {isa = PBXBuildFile; fileRef = 860DDDD2A2A3ED024B53A835 /* UsersUseCaseImplTests.swift */; };
		72EC83FD9262CE0CBC5046C4 /* UsertUseCase.swift in Sources */ = {isa = PBXBuildFile; fileRef = E9D46A9F1554983C9D513207 /* UsertUseCase.swift */; };
		ABE424EAB859C63AA03D452C /* UserByIdUseCase.swift in Sources */ = {isa = PBXBuildFile; fileRef = F00D0B3C4CAE0DFCCAD186DA /* UserByIdUseCase.swift */; };
		B3C8C1F417A1F73E553A1FE8 /* UsertUseCaseImplTests.swift in Sources */ = {isa = PBXBuildFile; fileRef = B91E2B512DEB203A2248D98C /* UsertUseCaseImplTests.swift */; };
		BBDB0A5921073CF7006996BF /* AppDelegate.swift in Sources */ = {isa = PBXBuildFile; fileRef = BBDB0A5821073CF7006996BF /* AppDelegate.swift */; };
		BBDB0A5B21073CF7006996BF /* ViewController.swift in Sources */ = {isa = PBXBuildFile; fileRef = BBDB0A5A21073CF7006996BF /* ViewController.swift */; };
		BBDB0A5E21073CF7006996BF /* Main.storyboard in Resources */ = {isa = PBXBuildFile; fileRef = BBDB0A5C21073CF7006996BF /* Main.storyboard */; };
		BBDB0A6021073CF8006996BF /* Assets.xcassets in Resources */ = {isa = PBXBuildFile; fileRef = BBDB0A5F21073CF8006996BF /* Assets.xcassets */; };
		BBDB0A6321073CF8006996BF /* LaunchScreen.storyboard in Resources */ = {isa = PBXBuildFile; fileRef = BBDB0A6121073CF8006996BF /* LaunchScreen.storyboard */; };
		BBDB0A6E21073CF8006996BF /* ExampleXcodeprojTests.swift in Sources */ = {isa = PBXBuildFile; fileRef = BBDB0A6D21073CF8006996BF /* ExampleXcodeprojTests.swift */; };
		C045914E832F0E63CBE3FE47 /* UserByIdUseCaseImplTests.swift in Sources */ = {isa = PBXBuildFile; fileRef = 5AFF6FFBFDC6DEF2BAD167AD /* UserByIdUseCaseImplTests.swift */; };
		DC8E1FDC821661F0B6143F78 /* PartialMockUserRepository.swift in Sources */ = {isa = PBXBuildFile; fileRef = 90A38E1ACC83D2BC242BA17C /* PartialMockUserRepository.swift */; };
		E620EB28F2C78162019360BE /* UserBaseUseCase.swift in Sources */ = {isa = PBXBuildFile; fileRef = 8E822B811C3BE03C50EBEBB9 /* UserBaseUseCase.swift */; };
/* End PBXBuildFile section */

/* Begin PBXContainerItemProxy section */
		BBDB0A6A21073CF8006996BF /* PBXContainerItemProxy */ = {
			isa = PBXContainerItemProxy;
			containerPortal = BBDB0A4D21073CF7006996BF /* Project object */;
			proxyType = 1;
			remoteGlobalIDString = BBDB0A5421073CF7006996BF;
			remoteInfo = ExampleXcodeproj;
		};
/* End PBXContainerItemProxy section */

/* Begin PBXFileReference section */
		5AFF6FFBFDC6DEF2BAD167AD /* UserByIdUseCaseImplTests.swift */ = {isa = PBXFileReference; includeInIndex = 1; lastKnownFileType = sourcecode.swift; path = UserByIdUseCaseImplTests.swift; sourceTree = "<group>"; };
		8322952E202F19BD55D7C668 /* UsersUseCase.swift */ = {isa = PBXFileReference; includeInIndex = 1; lastKnownFileType = sourcecode.swift; path = UsersUseCase.swift; sourceTree = "<group>"; };
		860DDDD2A2A3ED024B53A835 /* UsersUseCaseImplTests.swift */ = {isa = PBXFileReference; includeInIndex = 1; lastKnownFileType = sourcecode.swift; path = UsersUseCaseImplTests.swift; sourceTree = "<group>"; };
		8E822B811C3BE03C50EBEBB9 /* UserBaseUseCase.swift */ = {isa = PBXFileReference; includeInIndex = 1; lastKnownFileType = sourcecode.swift; path = UserBaseUseCase.swift; sourceTree = "<group>"; };
		90A38E1ACC83D2BC242BA17C /* PartialMockUserRepository.swift */ = {isa = PBXFileReference; includeInIndex = 1; lastKnownFileType = sourcecode.swift; path = PartialMockUserRepository.swift; sourceTree = "<group>"; };
		B91E2B512DEB203A2248D98C /* UsertUseCaseImplTests.swift */ = {isa = PBXFileReference; includeInIndex = 1; lastKnownFileType = sourcecode.swift; path = UsertUseCaseImplTests.swift; sourceTree = "<group>"; };
		BBDB0A5521073CF7006996BF /* ExampleXcodeproj.app */ = {isa = PBXFileReference; explicitFileType = wrapper.application; includeInIndex = 0; path = ExampleXcodeproj.app; sourceTree = BUILT_PRODUCTS_DIR; };
		BBDB0A5821073CF7006996BF /* AppDelegate.swift */ = {isa = PBXFileReference; lastKnownFileType = sourcecode.swift; path = AppDelegate.swift; sourceTree = "<group>"; };
		BBDB0A5A21073CF7006996BF /* ViewController.swift */ = {isa = PBXFileReference; lastKnownFileType = sourcecode.swift; path = ViewController.swift; sourceTree = "<group>"; };
		BBDB0A5D21073CF7006996BF /* Base */ = {isa = PBXFileReference; lastKnownFileType = file.storyboard; name = Base; path = Base.lproj/Main.storyboard; sourceTree = "<group>"; };
		BBDB0A5F21073CF8006996BF /* Assets.xcassets */ = {isa = PBXFileReference; lastKnownFileType = folder.assetcatalog; path = Assets.xcassets; sourceTree = "<group>"; };
		BBDB0A6221073CF8006996BF /* Base */ = {isa = PBXFileReference; lastKnownFileType = file.storyboard; name = Base; path = Base.lproj/LaunchScreen.storyboard; sourceTree = "<group>"; };
		BBDB0A6421073CF8006996BF /* Info.plist */ = {isa = PBXFileReference; lastKnownFileType = text.plist.xml; path = Info.plist; sourceTree = "<group>"; };
		BBDB0A6921073CF8006996BF /* ExampleXcodeprojTests.xctest */ = {isa = PBXFileReference; explicitFileType = wrapper.cfbundle; includeInIndex = 0; path = ExampleXcodeprojTests.xctest; sourceTree = BUILT_PRODUCTS_DIR; };
		BBDB0A6D21073CF8006996BF /* ExampleXcodeprojTests.swift */ = {isa = PBXFileReference; lastKnownFileType = sourcecode.swift; path = ExampleXcodeprojTests.swift; sourceTree = "<group>"; };
		BBDB0A6F21073CF8006996BF /* Info.plist */ = {isa = PBXFileReference; lastKnownFileType = text.plist.xml; path = Info.plist; sourceTree = "<group>"; };
		E9D46A9F1554983C9D513207 /* UsertUseCase.swift */ = {isa = PBXFileReference; includeInIndex = 1; lastKnownFileType = sourcecode.swift; path = UsertUseCase.swift; sourceTree = "<group>"; };
		F00D0B3C4CAE0DFCCAD186DA /* UserByIdUseCase.swift */ = {isa = PBXFileReference; includeInIndex = 1; lastKnownFileType = sourcecode.swift; path = UserByIdUseCase.swift; sourceTree = "<group>"; };
/* End PBXFileReference section */

/* Begin PBXFrameworksBuildPhase section */
		BBDB0A5221073CF7006996BF /* Frameworks */ = {
			isa = PBXFrameworksBuildPhase;
			buildActionMask = 2147483647;
			files = (
			);
			runOnlyForDeploymentPostprocessing = 0;
		};
		BBDB0A6621073CF8006996BF /* Frameworks */ = {
			isa = PBXFrameworksBuildPhase;
			buildActionMask = 2147483647;
			files = (
			);
			runOnlyForDeploymentPostprocessing = 0;
		};
/* End PBXFrameworksBuildPhase section */

/* Begin PBXGroup section */
		02D7AEA5CB8F967099602079 /* Layers */ = {
			isa = PBXGroup;
			children = (
				D9A18C5C5CE66CAEE2FA11CD /* DataLayer */,
			);
			name = Layers;
			path = Layers;
			sourceTree = "<group>";
		};
		0D5292F037613CE2818CA7BE /* User */ = {
			isa = PBXGroup;
			children = (
				860DDDD2A2A3ED024B53A835 /* UsersUseCaseImplTests.swift */,
				5AFF6FFBFDC6DEF2BAD167AD /* UserByIdUseCaseImplTests.swift */,
				B91E2B512DEB203A2248D98C /* UsertUseCaseImplTests.swift */,
			);
			name = User;
			path = User;
			sourceTree = "<group>";
		};
		2EA7BAF17BFCE0C4E88A6470 /* Mocks */ = {
			isa = PBXGroup;
			children = (
				F18D55558EB2C879D7175C98 /* User */,
			);
			name = Mocks;
			path = Mocks;
			sourceTree = "<group>";
		};
		6F368EDD79267542A91A7AB3 /* Entities */ = {
			isa = PBXGroup;
			children = (
				0D5292F037613CE2818CA7BE /* User */,
			);
			name = Entities;
			path = Entities;
			sourceTree = "<group>";
		};
		A5CB81A66973AD962D6BBCE6 /* Entities */ = {
			isa = PBXGroup;
			children = (
				D09327684BE4880927E9EA07 /* User */,
			);
			name = Entities;
			path = Entities;
			sourceTree = "<group>";
		};
		B0314DAF22C9CDA79F414ED5 /* usecases */ = {
			isa = PBXGroup;
			children = (
				8322952E202F19BD55D7C668 /* UsersUseCase.swift */,
				F00D0B3C4CAE0DFCCAD186DA /* UserByIdUseCase.swift */,
				E9D46A9F1554983C9D513207 /* UsertUseCase.swift */,
			);
			name = usecases;
			path = usecases;
			sourceTree = "<group>";
		};
		BBDB0A4C21073CF7006996BF = {
			isa = PBXGroup;
			children = (
				BBDB0A5721073CF7006996BF /* ExampleXcodeproj */,
				BBDB0A6C21073CF8006996BF /* ExampleXcodeprojTests */,
				BBDB0A5621073CF7006996BF /* Products */,
			);
			sourceTree = "<group>";
		};
		BBDB0A5621073CF7006996BF /* Products */ = {
			isa = PBXGroup;
			children = (
				BBDB0A5521073CF7006996BF /* ExampleXcodeproj.app */,
				BBDB0A6921073CF8006996BF /* ExampleXcodeprojTests.xctest */,
			);
			name = Products;
			sourceTree = "<group>";
		};
		BBDB0A5721073CF7006996BF /* ExampleXcodeproj */ = {
			isa = PBXGroup;
			children = (
				BBDB0A5821073CF7006996BF /* AppDelegate.swift */,
				BBDB0A5A21073CF7006996BF /* ViewController.swift */,
				BBDB0A5C21073CF7006996BF /* Main.storyboard */,
				BBDB0A5F21073CF8006996BF /* Assets.xcassets */,
				BBDB0A6121073CF8006996BF /* LaunchScreen.storyboard */,
				BBDB0A6421073CF8006996BF /* Info.plist */,
				02D7AEA5CB8F967099602079 /* Layers */,
			);
			path = ExampleXcodeproj;
			sourceTree = "<group>";
		};
		BBDB0A6C21073CF8006996BF /* ExampleXcodeprojTests */ = {
			isa = PBXGroup;
			children = (
				BBDB0A6D21073CF8006996BF /* ExampleXcodeprojTests.swift */,
				BBDB0A6F21073CF8006996BF /* Info.plist */,
				FD20555D9615BAF843626318 /* Layers */,
				2EA7BAF17BFCE0C4E88A6470 /* Mocks */,
			);
			path = ExampleXcodeprojTests;
			sourceTree = "<group>";
		};
		BF3578BFAE218FC363B5976C /* DataLayer */ = {
			isa = PBXGroup;
			children = (
				6F368EDD79267542A91A7AB3 /* Entities */,
			);
			name = DataLayer;
			path = DataLayer;
			sourceTree = "<group>";
		};
		D09327684BE4880927E9EA07 /* User */ = {
			isa = PBXGroup;
			children = (
				8E822B811C3BE03C50EBEBB9 /* UserBaseUseCase.swift */,
				B0314DAF22C9CDA79F414ED5 /* usecases */,
			);
			name = User;
			path = User;
			sourceTree = "<group>";
		};
		D9A18C5C5CE66CAEE2FA11CD /* DataLayer */ = {
			isa = PBXGroup;
			children = (
				A5CB81A66973AD962D6BBCE6 /* Entities */,
			);
			name = DataLayer;
			path = DataLayer;
			sourceTree = "<group>";
		};
		F18D55558EB2C879D7175C98 /* User */ = {
			isa = PBXGroup;
			children = (
				90A38E1ACC83D2BC242BA17C /* PartialMockUserRepository.swift */,
			);
			name = User;
			path = User;
			sourceTree = "<group>";
		};
		FD20555D9615BAF843626318 /* Layers */ = {
			isa = PBXGroup;
			children = (
				BF3578BFAE218FC363B5976C /* DataLayer */,
			);
			name = Layers;
			path = Layers;
			sourceTree = "<group>";
		};
/* End PBXGroup section */

/* Begin PBXNativeTarget section */
		BBDB0A5421073CF7006996BF /* ExampleXcodeproj */ = {
			isa = PBXNativeTarget;
			buildConfigurationList = BBDB0A7221073CF8006996BF /* Build configuration list for PBXNativeTarget "ExampleXcodeproj" */;
			buildPhases = (
				BBDB0A5121073CF7006996BF /* Sources */,
				BBDB0A5221073CF7006996BF /* Frameworks */,
				BBDB0A5321073CF7006996BF /* Resources */,
			);
			buildRules = (
			);
			dependencies = (
			);
			name = ExampleXcodeproj;
			productName = ExampleXcodeproj;
			productReference = BBDB0A5521073CF7006996BF /* ExampleXcodeproj.app */;
			productType = "com.apple.product-type.application";
		};
		BBDB0A6821073CF8006996BF /* ExampleXcodeprojTests */ = {
			isa = PBXNativeTarget;
			buildConfigurationList = BBDB0A7521073CF8006996BF /* Build configuration list for PBXNativeTarget "ExampleXcodeprojTests" */;
			buildPhases = (
				BBDB0A6521073CF8006996BF /* Sources */,
				BBDB0A6621073CF8006996BF /* Frameworks */,
				BBDB0A6721073CF8006996BF /* Resources */,
			);
			buildRules = (
			);
			dependencies = (
				BBDB0A6B21073CF8006996BF /* PBXTargetDependency */,
			);
			name = ExampleXcodeprojTests;
			productName = ExampleXcodeprojTests;
			productReference = BBDB0A6921073CF8006996BF /* ExampleXcodeprojTests.xctest */;
			productType = "com.apple.product-type.bundle.unit-test";
		};
/* End PBXNativeTarget section */

/* Begin PBXProject section */
		BBDB0A4D21073CF7006996BF /* Project object */ = {
			isa = PBXProject;
			attributes = {
				LastSwiftUpdateCheck = 0940;
				LastUpgradeCheck = 0940;
				ORGANIZATIONNAME = "Roman Kotov";
				TargetAttributes = {
					BBDB0A5421073CF7006996BF = {
						CreatedOnToolsVersion = 9.4.1;
					};
					BBDB0A6821073CF8006996BF = {
						CreatedOnToolsVersion = 9.4.1;
						TestTargetID = BBDB0A5421073CF7006996BF;
					};
				};
			};
			buildConfigurationList = BBDB0A5021073CF7006996BF /* Build configuration list for PBXProject "ExampleXcodeproj" */;
			compatibilityVersion = "Xcode 9.3";
			developmentRegion = en;
			hasScannedForEncodings = 0;
			knownRegions = (
				en,
				Base,
			);
			mainGroup = BBDB0A4C21073CF7006996BF;
			productRefGroup = BBDB0A5621073CF7006996BF /* Products */;
			projectDirPath = "";
			projectRoot = "";
			targets = (
				BBDB0A5421073CF7006996BF /* ExampleXcodeproj */,
				BBDB0A6821073CF8006996BF /* ExampleXcodeprojTests */,
			);
		};
/* End PBXProject section */

/* Begin PBXResourcesBuildPhase section */
		BBDB0A5321073CF7006996BF /* Resources */ = {
			isa = PBXResourcesBuildPhase;
			buildActionMask = 2147483647;
			files = (
				BBDB0A6321073CF8006996BF /* LaunchScreen.storyboard in Resources */,
				BBDB0A6021073CF8006996BF /* Assets.xcassets in Resources */,
				BBDB0A5E21073CF7006996BF /* Main.storyboard in Resources */,
			);
			runOnlyForDeploymentPostprocessing = 0;
		};
		BBDB0A6721073CF8006996BF /* Resources */ = {
			isa = PBXResourcesBuildPhase;
			buildActionMask = 2147483647;
			files = (
			);
			runOnlyForDeploymentPostprocessing = 0;
		};
/* End PBXResourcesBuildPhase section */

/* Begin PBXSourcesBuildPhase section */
		BBDB0A5121073CF7006996BF /* Sources */ = {
			isa = PBXSourcesBuildPhase;
			buildActionMask = 2147483647;
			files = (
				BBDB0A5B21073CF7006996BF /* ViewController.swift in Sources */,
				BBDB0A5921073CF7006996BF /* AppDelegate.swift in Sources */,
				E620EB28F2C78162019360BE /* UserBaseUseCase.swift in Sources */,
				0AE2BA96B8FE3805FFB0321D /* UsersUseCase.swift in Sources */,
				ABE424EAB859C63AA03D452C /* UserByIdUseCase.swift in Sources */,
				72EC83FD9262CE0CBC5046C4 /* UsertUseCase.swift in Sources */,
			);
			runOnlyForDeploymentPostprocessing = 0;
		};
		BBDB0A6521073CF8006996BF /* Sources */ = {
			isa = PBXSourcesBuildPhase;
			buildActionMask = 2147483647;
			files = (
				BBDB0A6E21073CF8006996BF /* ExampleXcodeprojTests.swift in Sources */,
				728F0363F92915EBC421400A /* UsersUseCaseImplTests.swift in Sources */,
				DC8E1FDC821661F0B6143F78 /* PartialMockUserRepository.swift in Sources */,
				C045914E832F0E63CBE3FE47 /* UserByIdUseCaseImplTests.swift in Sources */,
				B3C8C1F417A1F73E553A1FE8 /* UsertUseCaseImplTests.swift in Sources */,
			);
			runOnlyForDeploymentPostprocessing = 0;
		};
/* End PBXSourcesBuildPhase section */

/* Begin PBXTargetDependency section */
		BBDB0A6B21073CF8006996BF /* PBXTargetDependency */ = {
			isa = PBXTargetDependency;
			target = BBDB0A5421073CF7006996BF /* ExampleXcodeproj */;
			targetProxy = BBDB0A6A21073CF8006996BF /* PBXContainerItemProxy */;
		};
/* End PBXTargetDependency section */

/* Begin PBXVariantGroup section */
		BBDB0A5C21073CF7006996BF /* Main.storyboard */ = {
			isa = PBXVariantGroup;
			children = (
				BBDB0A5D21073CF7006996BF /* Base */,
			);
			name = Main.storyboard;
			sourceTree = "<group>";
		};
		BBDB0A6121073CF8006996BF /* LaunchScreen.storyboard */ = {
			isa = PBXVariantGroup;
			children = (
				BBDB0A6221073CF8006996BF /* Base */,
			);
			name = LaunchScreen.storyboard;
			sourceTree = "<group>";
		};
/* End PBXVariantGroup section */

/* Begin XCBuildConfiguration section */
		BBDB0A7021073CF8006996BF /* Debug */ = {
			isa = XCBuildConfiguration;
			buildSettings = {
				ALWAYS_SEARCH_USER_PATHS = NO;
				CLANG_ANALYZER_NONNULL = YES;
				CLANG_ANALYZER_NUMBER_OBJECT_CONVERSION = YES_AGGRESSIVE;
				CLANG_CXX_LANGUAGE_STANDARD = "gnu++14";
				CLANG_CXX_LIBRARY = "libc++";
				CLANG_ENABLE_MODULES = YES;
				CLANG_ENABLE_OBJC_ARC = YES;
				CLANG_ENABLE_OBJC_WEAK = YES;
				CLANG_WARN_BLOCK_CAPTURE_AUTORELEASING = YES;
				CLANG_WARN_BOOL_CONVERSION = YES;
				CLANG_WARN_COMMA = YES;
				CLANG_WARN_CONSTANT_CONVERSION = YES;
				CLANG_WARN_DEPRECATED_OBJC_IMPLEMENTATIONS = YES;
				CLANG_WARN_DIRECT_OBJC_ISA_USAGE = YES_ERROR;
				CLANG_WARN_DOCUMENTATION_COMMENTS = YES;
				CLANG_WARN_EMPTY_BODY = YES;
				CLANG_WARN_ENUM_CONVERSION = YES;
				CLANG_WARN_INFINITE_RECURSION = YES;
				CLANG_WARN_INT_CONVERSION = YES;
				CLANG_WARN_NON_LITERAL_NULL_CONVERSION = YES;
				CLANG_WARN_OBJC_IMPLICIT_RETAIN_SELF = YES;
				CLANG_WARN_OBJC_LITERAL_CONVERSION = YES;
				CLANG_WARN_OBJC_ROOT_CLASS = YES_ERROR;
				CLANG_WARN_RANGE_LOOP_ANALYSIS = YES;
				CLANG_WARN_STRICT_PROTOTYPES = YES;
				CLANG_WARN_SUSPICIOUS_MOVE = YES;
				CLANG_WARN_UNGUARDED_AVAILABILITY = YES_AGGRESSIVE;
				CLANG_WARN_UNREACHABLE_CODE = YES;
				CLANG_WARN__DUPLICATE_METHOD_MATCH = YES;
				CODE_SIGN_IDENTITY = "iPhone Developer";
				COPY_PHASE_STRIP = NO;
				DEBUG_INFORMATION_FORMAT = dwarf;
				ENABLE_STRICT_OBJC_MSGSEND = YES;
				ENABLE_TESTABILITY = YES;
				GCC_C_LANGUAGE_STANDARD = gnu11;
				GCC_DYNAMIC_NO_PIC = NO;
				GCC_NO_COMMON_BLOCKS = YES;
				GCC_OPTIMIZATION_LEVEL = 0;
				GCC_PREPROCESSOR_DEFINITIONS = (
					"DEBUG=1",
					"$(inherited)",
				);
				GCC_WARN_64_TO_32_BIT_CONVERSION = YES;
				GCC_WARN_ABOUT_RETURN_TYPE = YES_ERROR;
				GCC_WARN_UNDECLARED_SELECTOR = YES;
				GCC_WARN_UNINITIALIZED_AUTOS = YES_AGGRESSIVE;
				GCC_WARN_UNUSED_FUNCTION = YES;
				GCC_WARN_UNUSED_VARIABLE = YES;
				IPHONEOS_DEPLOYMENT_TARGET = 11.4;
				MTL_ENABLE_DEBUG_INFO = YES;
				ONLY_ACTIVE_ARCH = YES;
				SDKROOT = iphoneos;
				SWIFT_ACTIVE_COMPILATION_CONDITIONS = DEBUG;
				SWIFT_OPTIMIZATION_LEVEL = "-Onone";
			};
			name = Debug;
		};
		BBDB0A7121073CF8006996BF /* Release */ = {
			isa = XCBuildConfiguration;
			buildSettings = {
				ALWAYS_SEARCH_USER_PATHS = NO;
				CLANG_ANALYZER_NONNULL = YES;
				CLANG_ANALYZER_NUMBER_OBJECT_CONVERSION = YES_AGGRESSIVE;
				CLANG_CXX_LANGUAGE_STANDARD = "gnu++14";
				CLANG_CXX_LIBRARY = "libc++";
				CLANG_ENABLE_MODULES = YES;
				CLANG_ENABLE_OBJC_ARC = YES;
				CLANG_ENABLE_OBJC_WEAK = YES;
				CLANG_WARN_BLOCK_CAPTURE_AUTORELEASING = YES;
				CLANG_WARN_BOOL_CONVERSION = YES;
				CLANG_WARN_COMMA = YES;
				CLANG_WARN_CONSTANT_CONVERSION = YES;
				CLANG_WARN_DEPRECATED_OBJC_IMPLEMENTATIONS = YES;
				CLANG_WARN_DIRECT_OBJC_ISA_USAGE = YES_ERROR;
				CLANG_WARN_DOCUMENTATION_COMMENTS = YES;
				CLANG_WARN_EMPTY_BODY = YES;
				CLANG_WARN_ENUM_CONVERSION = YES;
				CLANG_WARN_INFINITE_RECURSION = YES;
				CLANG_WARN_INT_CONVERSION = YES;
				CLANG_WARN_NON_LITERAL_NULL_CONVERSION = YES;
				CLANG_WARN_OBJC_IMPLICIT_RETAIN_SELF = YES;
				CLANG_WARN_OBJC_LITERAL_CONVERSION = YES;
				CLANG_WARN_OBJC_ROOT_CLASS = YES_ERROR;
				CLANG_WARN_RANGE_LOOP_ANALYSIS = YES;
				CLANG_WARN_STRICT_PROTOTYPES = YES;
				CLANG_WARN_SUSPICIOUS_MOVE = YES;
				CLANG_WARN_UNGUARDED_AVAILABILITY = YES_AGGRESSIVE;
				CLANG_WARN_UNREACHABLE_CODE = YES;
				CLANG_WARN__DUPLICATE_METHOD_MATCH = YES;
				CODE_SIGN_IDENTITY = "iPhone Developer";
				COPY_PHASE_STRIP = NO;
				DEBUG_INFORMATION_FORMAT = "dwarf-with-dsym";
				ENABLE_NS_ASSERTIONS = NO;
				ENABLE_STRICT_OBJC_MSGSEND = YES;
				GCC_C_LANGUAGE_STANDARD = gnu11;
				GCC_NO_COMMON_BLOCKS = YES;
				GCC_WARN_64_TO_32_BIT_CONVERSION = YES;
				GCC_WARN_ABOUT_RETURN_TYPE = YES_ERROR;
				GCC_WARN_UNDECLARED_SELECTOR = YES;
				GCC_WARN_UNINITIALIZED_AUTOS = YES_AGGRESSIVE;
				GCC_WARN_UNUSED_FUNCTION = YES;
				GCC_WARN_UNUSED_VARIABLE = YES;
				IPHONEOS_DEPLOYMENT_TARGET = 11.4;
				MTL_ENABLE_DEBUG_INFO = NO;
				SDKROOT = iphoneos;
				SWIFT_COMPILATION_MODE = wholemodule;
				SWIFT_OPTIMIZATION_LEVEL = "-O";
				VALIDATE_PRODUCT = YES;
			};
			name = Release;
		};
		BBDB0A7321073CF8006996BF /* Debug */ = {
			isa = XCBuildConfiguration;
			buildSettings = {
				ASSETCATALOG_COMPILER_APPICON_NAME = AppIcon;
				CODE_SIGN_STYLE = Automatic;
				INFOPLIST_FILE = ExampleXcodeproj/Info.plist;
				LD_RUNPATH_SEARCH_PATHS = (
					"$(inherited)",
					"@executable_path/Frameworks",
				);
				PRODUCT_BUNDLE_IDENTIFIER = com.waydeveloper.ExampleXcodeproj;
				PRODUCT_NAME = "$(TARGET_NAME)";
				SWIFT_VERSION = 4.0;
				TARGETED_DEVICE_FAMILY = "1,2";
			};
			name = Debug;
		};
		BBDB0A7421073CF8006996BF /* Release */ = {
			isa = XCBuildConfiguration;
			buildSettings = {
				ASSETCATALOG_COMPILER_APPICON_NAME = AppIcon;
				CODE_SIGN_STYLE = Automatic;
				INFOPLIST_FILE = ExampleXcodeproj/Info.plist;
				LD_RUNPATH_SEARCH_PATHS = (
					"$(inherited)",
					"@executable_path/Frameworks",
				);
				PRODUCT_BUNDLE_IDENTIFIER = com.waydeveloper.ExampleXcodeproj;
				PRODUCT_NAME = "$(TARGET_NAME)";
				SWIFT_VERSION = 4.0;
				TARGETED_DEVICE_FAMILY = "1,2";
			};
			name = Release;
		};
		BBDB0A7621073CF8006996BF /* Debug */ = {
			isa = XCBuildConfiguration;
			buildSettings = {
				ALWAYS_EMBED_SWIFT_STANDARD_LIBRARIES = YES;
				BUNDLE_LOADER = "$(TEST_HOST)";
				CODE_SIGN_STYLE = Automatic;
				INFOPLIST_FILE = ExampleXcodeprojTests/Info.plist;
				LD_RUNPATH_SEARCH_PATHS = (
					"$(inherited)",
					"@executable_path/Frameworks",
					"@loader_path/Frameworks",
				);
				PRODUCT_BUNDLE_IDENTIFIER = com.waydeveloper.ExampleXcodeprojTests;
				PRODUCT_NAME = "$(TARGET_NAME)";
				SWIFT_VERSION = 4.0;
				TARGETED_DEVICE_FAMILY = "1,2";
				TEST_HOST = "$(BUILT_PRODUCTS_DIR)/ExampleXcodeproj.app/ExampleXcodeproj";
			};
			name = Debug;
		};
		BBDB0A7721073CF8006996BF /* Release */ = {
			isa = XCBuildConfiguration;
			buildSettings = {
				ALWAYS_EMBED_SWIFT_STANDARD_LIBRARIES = YES;
				BUNDLE_LOADER = "$(TEST_HOST)";
				CODE_SIGN_STYLE = Automatic;
				INFOPLIST_FILE = ExampleXcodeprojTests/Info.plist;
				LD_RUNPATH_SEARCH_PATHS = (
					"$(inherited)",
					"@executable_path/Frameworks",
					"@loader_path/Frameworks",
				);
				PRODUCT_BUNDLE_IDENTIFIER = com.waydeveloper.ExampleXcodeprojTests;
				PRODUCT_NAME = "$(TARGET_NAME)";
				SWIFT_VERSION = 4.0;
				TARGETED_DEVICE_FAMILY = "1,2";
				TEST_HOST = "$(BUILT_PRODUCTS_DIR)/ExampleXcodeproj.app/ExampleXcodeproj";
			};
			name = Release;
		};
/* End XCBuildConfiguration section */

/* Begin XCConfigurationList section */
		BBDB0A5021073CF7006996BF /* Build configuration list for PBXProject "ExampleXcodeproj" */ = {
			isa = XCConfigurationList;
			buildConfigurations = (
				BBDB0A7021073CF8006996BF /* Debug */,
				BBDB0A7121073CF8006996BF /* Release */,
			);
			defaultConfigurationIsVisible = 0;
			defaultConfigurationName = Release;
		};
		BBDB0A7221073CF8006996BF /* Build configuration list for PBXNativeTarget "ExampleXcodeproj" */ = {
			isa = XCConfigurationList;
			buildConfigurations = (
				BBDB0A7321073CF8006996BF /* Debug */,
				BBDB0A7421073CF8006996BF /* Release */,
			);
			defaultConfigurationIsVisible = 0;
			defaultConfigurationName = Release;
		};
		BBDB0A7521073CF8006996BF /* Build configuration list for PBXNativeTarget "ExampleXcodeprojTests" */ = {
			isa = XCConfigurationList;
			buildConfigurations = (
				BBDB0A7621073CF8006996BF /* Debug */,
				BBDB0A7721073CF8006996BF /* Release */,
			);
			defaultConfigurationIsVisible = 0;
			defaultConfigurationName = Release;
		};
/* End XCConfigurationList section */
	};
	rootObject = BBDB0A4D21073CF7006996BF /* Project object */;
}
